{
    "version": 3,
    "terraform_version": "0.10.7",
    "serial": 27,
    "lineage": "40113221-38dd-4184-9821-8b9d2b03c082",
    "modules": [
        {
            "path": [
                "root"
            ],
            "outputs": {},
            "resources": {},
            "depends_on": []
        },
        {
            "path": [
                "root",
                "EMR-security_group_rule"
            ],
            "outputs": {},
            "resources": {
                "aws_security_group_rule.security_group_inbound": {
                    "type": "aws_security_group_rule",
                    "depends_on": [],
                    "primary": {
                        "id": "sgrule-4171016080",
                        "attributes": {
                            "cidr_blocks.#": "0",
                            "description": "frontapp_security_group",
                            "from_port": "8080",
                            "id": "sgrule-4171016080",
                            "ipv6_cidr_blocks.#": "0",
                            "prefix_list_ids.#": "0",
                            "protocol": "tcp",
                            "security_group_id": "sg-c1c3f1bb",
                            "self": "false",
                            "source_security_group_id": "sg-8ad994f5",
                            "to_port": "8080",
                            "type": "ingress"
                        },
                        "meta": {
                            "schema_version": "2"
                        },
                        "tainted": false
                    },
                    "deposed": [],
                    "provider": ""
                }
            },
            "depends_on": []
        },
        {
            "path": [
                "root",
                "admin_listener-rule"
            ],
            "outputs": {},
            "resources": {
                "aws_alb_listener_rule.innovation-frontend-listener-rule": {
                    "type": "aws_alb_listener_rule",
                    "depends_on": [],
                    "primary": {
                        "id": "arn:aws:elasticloadbalancing:us-west-2:687890756020:listener-rule/app/di-alb20180301061015895700000001/d8cdc0fbdb9d4b88/49c2e32296f40278/59abf8f2c7d10591",
                        "attributes": {
                            "action.#": "1",
                            "action.0.target_group_arn": "arn:aws:elasticloadbalancing:us-west-2:687890756020:targetgroup/admin-tools-prod/51852f09f96152de",
                            "action.0.type": "forward",
                            "arn": "arn:aws:elasticloadbalancing:us-west-2:687890756020:listener-rule/app/di-alb20180301061015895700000001/d8cdc0fbdb9d4b88/49c2e32296f40278/59abf8f2c7d10591",
                            "condition.#": "1",
                            "condition.3225989961.field": "path-pattern",
                            "condition.3225989961.values.#": "1",
                            "condition.3225989961.values.0": "/tip-innovation-tools/*",
                            "id": "arn:aws:elasticloadbalancing:us-west-2:687890756020:listener-rule/app/di-alb20180301061015895700000001/d8cdc0fbdb9d4b88/49c2e32296f40278/59abf8f2c7d10591",
                            "listener_arn": "arn:aws:elasticloadbalancing:us-west-2:687890756020:listener/app/di-alb20180301061015895700000001/d8cdc0fbdb9d4b88/49c2e32296f40278",
                            "priority": "2"
                        },
                        "meta": {},
                        "tainted": false
                    },
                    "deposed": [],
                    "provider": ""
                }
            },
            "depends_on": []
        },
        {
            "path": [
                "root",
                "admin_listener-rule_https"
            ],
            "outputs": {},
            "resources": {
                "aws_alb_listener_rule.innovation-frontend-listener-rule": {
                    "type": "aws_alb_listener_rule",
                    "depends_on": [],
                    "primary": {
                        "id": "arn:aws:elasticloadbalancing:us-west-2:687890756020:listener-rule/app/di-alb20180301061015895700000001/d8cdc0fbdb9d4b88/3ae81d5afa1f0e9c/6725a6728d125c9d",
                        "attributes": {
                            "action.#": "1",
                            "action.0.target_group_arn": "arn:aws:elasticloadbalancing:us-west-2:687890756020:targetgroup/admin-tools-prod/51852f09f96152de",
                            "action.0.type": "forward",
                            "arn": "arn:aws:elasticloadbalancing:us-west-2:687890756020:listener-rule/app/di-alb20180301061015895700000001/d8cdc0fbdb9d4b88/3ae81d5afa1f0e9c/6725a6728d125c9d",
                            "condition.#": "1",
                            "condition.3225989961.field": "path-pattern",
                            "condition.3225989961.values.#": "1",
                            "condition.3225989961.values.0": "/tip-innovation-tools/*",
                            "id": "arn:aws:elasticloadbalancing:us-west-2:687890756020:listener-rule/app/di-alb20180301061015895700000001/d8cdc0fbdb9d4b88/3ae81d5afa1f0e9c/6725a6728d125c9d",
                            "listener_arn": "arn:aws:elasticloadbalancing:us-west-2:687890756020:listener/app/di-alb20180301061015895700000001/d8cdc0fbdb9d4b88/3ae81d5afa1f0e9c",
                            "priority": "2"
                        },
                        "meta": {},
                        "tainted": false
                    },
                    "deposed": [],
                    "provider": ""
                }
            },
            "depends_on": []
        },
        {
            "path": [
                "root",
                "admin_targetgroup"
            ],
            "outputs": {
                "alb_target_arn": {
                    "sensitive": false,
                    "type": "string",
                    "value": "arn:aws:elasticloadbalancing:us-west-2:687890756020:targetgroup/admin-tools-prod/51852f09f96152de"
                }
            },
            "resources": {
                "aws_alb_target_group.web": {
                    "type": "aws_alb_target_group",
                    "depends_on": [],
                    "primary": {
                        "id": "arn:aws:elasticloadbalancing:us-west-2:687890756020:targetgroup/admin-tools-prod/51852f09f96152de",
                        "attributes": {
                            "arn": "arn:aws:elasticloadbalancing:us-west-2:687890756020:targetgroup/admin-tools-prod/51852f09f96152de",
                            "arn_suffix": "targetgroup/admin-tools-prod/51852f09f96152de",
                            "deregistration_delay": "300",
                            "health_check.#": "1",
                            "health_check.0.healthy_threshold": "3",
                            "health_check.0.interval": "30",
                            "health_check.0.matcher": "200",
                            "health_check.0.path": "/tip-innovation-tools/healthCheck.html",
                            "health_check.0.port": "traffic-port",
                            "health_check.0.protocol": "HTTP",
                            "health_check.0.timeout": "5",
                            "health_check.0.unhealthy_threshold": "2",
                            "id": "arn:aws:elasticloadbalancing:us-west-2:687890756020:targetgroup/admin-tools-prod/51852f09f96152de",
                            "name": "admin-tools-prod",
                            "port": "8080",
                            "protocol": "HTTP",
                            "stickiness.#": "1",
                            "stickiness.0.cookie_duration": "86400",
                            "stickiness.0.enabled": "true",
                            "stickiness.0.type": "lb_cookie",
                            "tags.%": "2",
                            "tags.app_name": "Derwent innovation",
                            "tags.created_by": "innovation-terraform",
                            "target_type": "instance",
                            "vpc_id": "vpc-c2447ca5"
                        },
                        "meta": {},
                        "tainted": false
                    },
                    "deposed": [],
                    "provider": ""
                }
            },
            "depends_on": []
        },
        {
            "path": [
                "root",
                "alb"
            ],
            "outputs": {
                "alb_arn": {
                    "sensitive": false,
                    "type": "string",
                    "value": "arn:aws:elasticloadbalancing:us-west-2:687890756020:loadbalancer/app/di-alb20180301061015895700000001/d8cdc0fbdb9d4b88"
                },
                "alb_dns_name": {
                    "sensitive": false,
                    "type": "string",
                    "value": "di-alb20180301061015895700000001-887738958.us-west-2.elb.amazonaws.com"
                }
            },
            "resources": {
                "aws_alb.alb": {
                    "type": "aws_alb",
                    "depends_on": [],
                    "primary": {
                        "id": "arn:aws:elasticloadbalancing:us-west-2:687890756020:loadbalancer/app/di-alb20180301061015895700000001/d8cdc0fbdb9d4b88",
                        "attributes": {
                            "access_logs.#": "1",
                            "access_logs.0.bucket": "di-alb-us-west-2-prod",
                            "access_logs.0.enabled": "true",
                            "access_logs.0.prefix": "",
                            "arn": "arn:aws:elasticloadbalancing:us-west-2:687890756020:loadbalancer/app/di-alb20180301061015895700000001/d8cdc0fbdb9d4b88",
                            "arn_suffix": "app/di-alb20180301061015895700000001/d8cdc0fbdb9d4b88",
                            "dns_name": "di-alb20180301061015895700000001-887738958.us-west-2.elb.amazonaws.com",
                            "enable_deletion_protection": "false",
                            "id": "arn:aws:elasticloadbalancing:us-west-2:687890756020:loadbalancer/app/di-alb20180301061015895700000001/d8cdc0fbdb9d4b88",
                            "idle_timeout": "300",
                            "internal": "false",
                            "ip_address_type": "ipv4",
                            "load_balancer_type": "application",
                            "name": "di-alb20180301061015895700000001",
                            "name_prefix": "di-alb",
                            "security_groups.#": "2",
                            "security_groups.3958015466": "sg-07b3a97c",
                            "security_groups.4053739248": "sg-35f76b4f",
                            "subnets.#": "3",
                            "subnets.1482477806": "subnet-e73659ae",
                            "subnets.3081186658": "subnet-3de71866",
                            "subnets.3594907747": "subnet-fd34609a",
                            "tags.%": "3",
                            "tags.app_name": "Derwent innovation",
                            "tags.created_by": "innovation-terraform",
                            "tags.env": "prod",
                            "vpc_id": "vpc-c2447ca5",
                            "zone_id": "Z1H1FL5HABSF5"
                        },
                        "meta": {
                            "e2bfb730-ecaa-11e6-8f88-34363bc7c4c0": {
                                "create": 600000000000,
                                "delete": 600000000000,
                                "update": 600000000000
                            }
                        },
                        "tainted": false
                    },
                    "deposed": [],
                    "provider": ""
                }
            },
            "depends_on": []
        },
        {
            "path": [
                "root",
                "cassandra-security_group_rule"
            ],
            "outputs": {},
            "resources": {
                "aws_security_group_rule.security_group_inbound.0": {
                    "type": "aws_security_group_rule",
                    "depends_on": [],
                    "primary": {
                        "id": "sgrule-2259334147",
                        "attributes": {
                            "cidr_blocks.#": "0",
                            "description": "frontapp_security_group",
                            "from_port": "9160",
                            "id": "sgrule-2259334147",
                            "ipv6_cidr_blocks.#": "0",
                            "prefix_list_ids.#": "0",
                            "protocol": "tcp",
                            "security_group_id": "sg-f192708d",
                            "self": "false",
                            "source_security_group_id": "sg-8ad994f5",
                            "to_port": "9160",
                            "type": "ingress"
                        },
                        "meta": {
                            "schema_version": "2"
                        },
                        "tainted": false
                    },
                    "deposed": [],
                    "provider": ""
                },
                "aws_security_group_rule.security_group_inbound.1": {
                    "type": "aws_security_group_rule",
                    "depends_on": [],
                    "primary": {
                        "id": "sgrule-1249696858",
                        "attributes": {
                            "cidr_blocks.#": "0",
                            "description": "frontapp_security_group",
                            "from_port": "9042",
                            "id": "sgrule-1249696858",
                            "ipv6_cidr_blocks.#": "0",
                            "prefix_list_ids.#": "0",
                            "protocol": "tcp",
                            "security_group_id": "sg-f192708d",
                            "self": "false",
                            "source_security_group_id": "sg-8ad994f5",
                            "to_port": "9042",
                            "type": "ingress"
                        },
                        "meta": {
                            "schema_version": "2"
                        },
                        "tainted": false
                    },
                    "deposed": [],
                    "provider": ""
                }
            },
            "depends_on": []
        },
        {
            "path": [
                "root",
                "cassandracluster-recordset"
            ],
            "outputs": {},
            "resources": {
                "aws_route53_record.innovation_route53_record": {
                    "type": "aws_route53_record",
                    "depends_on": [],
                    "primary": {
                        "id": "Z8SG6XL97KAET_cassandracluster.prod.dev-innovation.com_A",
                        "attributes": {
                            "allow_overwrite": "true",
                            "fqdn": "cassandracluster.prod.dev-innovation.com",
                            "health_check_id": "",
                            "id": "Z8SG6XL97KAET_cassandracluster.prod.dev-innovation.com_A",
                            "name": "cassandracluster.prod.dev-innovation.com",
                            "records.#": "1",
                            "records.2361302502": "10.236.104.53",
                            "set_identifier": "",
                            "ttl": "300",
                            "type": "A",
                            "zone_id": "Z8SG6XL97KAET"
                        },
                        "meta": {
                            "schema_version": "2"
                        },
                        "tainted": false
                    },
                    "deposed": [],
                    "provider": ""
                }
            },
            "depends_on": []
        },
        {
            "path": [
                "root",
                "clustering_listener-rule"
            ],
            "outputs": {},
            "resources": {
                "aws_alb_listener_rule.innovation-frontend-listener-rule": {
                    "type": "aws_alb_listener_rule",
                    "depends_on": [],
                    "primary": {
                        "id": "arn:aws:elasticloadbalancing:us-west-2:687890756020:listener-rule/app/di-alb20180301061015895700000001/d8cdc0fbdb9d4b88/49c2e32296f40278/f0d6f40440d9f4b0",
                        "attributes": {
                            "action.#": "1",
                            "action.0.target_group_arn": "arn:aws:elasticloadbalancing:us-west-2:687890756020:targetgroup/clustering-prod/e2145007e886b876",
                            "action.0.type": "forward",
                            "arn": "arn:aws:elasticloadbalancing:us-west-2:687890756020:listener-rule/app/di-alb20180301061015895700000001/d8cdc0fbdb9d4b88/49c2e32296f40278/f0d6f40440d9f4b0",
                            "condition.#": "1",
                            "condition.1319994585.field": "path-pattern",
                            "condition.1319994585.values.#": "1",
                            "condition.1319994585.values.0": "/innovation-clustering/*",
                            "id": "arn:aws:elasticloadbalancing:us-west-2:687890756020:listener-rule/app/di-alb20180301061015895700000001/d8cdc0fbdb9d4b88/49c2e32296f40278/f0d6f40440d9f4b0",
                            "listener_arn": "arn:aws:elasticloadbalancing:us-west-2:687890756020:listener/app/di-alb20180301061015895700000001/d8cdc0fbdb9d4b88/49c2e32296f40278",
                            "priority": "7"
                        },
                        "meta": {},
                        "tainted": false
                    },
                    "deposed": [],
                    "provider": ""
                }
            },
            "depends_on": []
        },
        {
            "path": [
                "root",
                "clustering_listener-rule_https"
            ],
            "outputs": {},
            "resources": {
                "aws_alb_listener_rule.innovation-frontend-listener-rule": {
                    "type": "aws_alb_listener_rule",
                    "depends_on": [],
                    "primary": {
                        "id": "arn:aws:elasticloadbalancing:us-west-2:687890756020:listener-rule/app/di-alb20180301061015895700000001/d8cdc0fbdb9d4b88/3ae81d5afa1f0e9c/989bfee08317a3e4",
                        "attributes": {
                            "action.#": "1",
                            "action.0.target_group_arn": "arn:aws:elasticloadbalancing:us-west-2:687890756020:targetgroup/clustering-prod/e2145007e886b876",
                            "action.0.type": "forward",
                            "arn": "arn:aws:elasticloadbalancing:us-west-2:687890756020:listener-rule/app/di-alb20180301061015895700000001/d8cdc0fbdb9d4b88/3ae81d5afa1f0e9c/989bfee08317a3e4",
                            "condition.#": "1",
                            "condition.1319994585.field": "path-pattern",
                            "condition.1319994585.values.#": "1",
                            "condition.1319994585.values.0": "/innovation-clustering/*",
                            "id": "arn:aws:elasticloadbalancing:us-west-2:687890756020:listener-rule/app/di-alb20180301061015895700000001/d8cdc0fbdb9d4b88/3ae81d5afa1f0e9c/989bfee08317a3e4",
                            "listener_arn": "arn:aws:elasticloadbalancing:us-west-2:687890756020:listener/app/di-alb20180301061015895700000001/d8cdc0fbdb9d4b88/3ae81d5afa1f0e9c",
                            "priority": "7"
                        },
                        "meta": {},
                        "tainted": false
                    },
                    "deposed": [],
                    "provider": ""
                }
            },
            "depends_on": []
        },
        {
            "path": [
                "root",
                "clustering_targetgroup"
            ],
            "outputs": {
                "alb_target_arn": {
                    "sensitive": false,
                    "type": "string",
                    "value": "arn:aws:elasticloadbalancing:us-west-2:687890756020:targetgroup/clustering-prod/e2145007e886b876"
                }
            },
            "resources": {
                "aws_alb_target_group.web": {
                    "type": "aws_alb_target_group",
                    "depends_on": [],
                    "primary": {
                        "id": "arn:aws:elasticloadbalancing:us-west-2:687890756020:targetgroup/clustering-prod/e2145007e886b876",
                        "attributes": {
                            "arn": "arn:aws:elasticloadbalancing:us-west-2:687890756020:targetgroup/clustering-prod/e2145007e886b876",
                            "arn_suffix": "targetgroup/clustering-prod/e2145007e886b876",
                            "deregistration_delay": "300",
                            "health_check.#": "1",
                            "health_check.0.healthy_threshold": "3",
                            "health_check.0.interval": "30",
                            "health_check.0.matcher": "200",
                            "health_check.0.path": "/innovation-clustering/healthCheck.html",
                            "health_check.0.port": "traffic-port",
                            "health_check.0.protocol": "HTTP",
                            "health_check.0.timeout": "5",
                            "health_check.0.unhealthy_threshold": "2",
                            "id": "arn:aws:elasticloadbalancing:us-west-2:687890756020:targetgroup/clustering-prod/e2145007e886b876",
                            "name": "clustering-prod",
                            "port": "8080",
                            "protocol": "HTTP",
                            "stickiness.#": "1",
                            "stickiness.0.cookie_duration": "86400",
                            "stickiness.0.enabled": "true",
                            "stickiness.0.type": "lb_cookie",
                            "tags.%": "2",
                            "tags.app_name": "Derwent innovation",
                            "tags.created_by": "innovation-terraform",
                            "target_type": "instance",
                            "vpc_id": "vpc-c2447ca5"
                        },
                        "meta": {},
                        "tainted": false
                    },
                    "deposed": [],
                    "provider": ""
                }
            },
            "depends_on": []
        },
        {
            "path": [
                "root",
                "cordachartexternal-recordset"
            ],
            "outputs": {},
            "resources": {
                "aws_route53_record.innovation_route53_alis_record.0": {
                    "type": "aws_route53_record",
                    "depends_on": [],
                    "primary": {
                        "id": "Z1DF6HZN35DKBL_cordachartexternal.prod.dev-innovation.com_A",
                        "attributes": {
                            "alias.#": "1",
                            "alias.2460243886.evaluate_target_health": "true",
                            "alias.2460243886.name": "domo-tools-542333754.us-west-2.elb.amazonaws.com",
                            "alias.2460243886.zone_id": "Z1H1FL5HABSF5",
                            "allow_overwrite": "true",
                            "fqdn": "cordachartexternal.prod.dev-innovation.com",
                            "health_check_id": "",
                            "id": "Z1DF6HZN35DKBL_cordachartexternal.prod.dev-innovation.com_A",
                            "name": "cordachartexternal.prod.dev-innovation.com",
                            "records.#": "0",
                            "set_identifier": "",
                            "ttl": "0",
                            "type": "A",
                            "zone_id": "Z1DF6HZN35DKBL"
                        },
                        "meta": {
                            "schema_version": "2"
                        },
                        "tainted": false
                    },
                    "deposed": [],
                    "provider": ""
                },
                "aws_route53_record.innovation_route53_alis_record.1": {
                    "type": "aws_route53_record",
                    "depends_on": [],
                    "primary": {
                        "id": "Z8SG6XL97KAET_cordachartexternal.prod.dev-innovation.com_A",
                        "attributes": {
                            "alias.#": "1",
                            "alias.2460243886.evaluate_target_health": "true",
                            "alias.2460243886.name": "domo-tools-542333754.us-west-2.elb.amazonaws.com",
                            "alias.2460243886.zone_id": "Z1H1FL5HABSF5",
                            "allow_overwrite": "true",
                            "fqdn": "cordachartexternal.prod.dev-innovation.com",
                            "health_check_id": "",
                            "id": "Z8SG6XL97KAET_cordachartexternal.prod.dev-innovation.com_A",
                            "name": "cordachartexternal.prod.dev-innovation.com",
                            "records.#": "0",
                            "set_identifier": "",
                            "ttl": "0",
                            "type": "A",
                            "zone_id": "Z8SG6XL97KAET"
                        },
                        "meta": {
                            "schema_version": "2"
                        },
                        "tainted": false
                    },
                    "deposed": [],
                    "provider": ""
                }
            },
            "depends_on": []
        },
        {
            "path": [
                "root",
                "cordachartinternal-recordset"
            ],
            "outputs": {},
            "resources": {
                "aws_route53_record.innovation_route53_alis_record": {
                    "type": "aws_route53_record",
                    "depends_on": [],
                    "primary": {
                        "id": "Z8SG6XL97KAET_cordachartinternal.prod.dev-innovation.com_A",
                        "attributes": {
                            "alias.#": "1",
                            "alias.2460243886.evaluate_target_health": "true",
                            "alias.2460243886.name": "domo-tools-542333754.us-west-2.elb.amazonaws.com",
                            "alias.2460243886.zone_id": "Z1H1FL5HABSF5",
                            "allow_overwrite": "true",
                            "fqdn": "cordachartinternal.prod.dev-innovation.com",
                            "health_check_id": "",
                            "id": "Z8SG6XL97KAET_cordachartinternal.prod.dev-innovation.com_A",
                            "name": "cordachartinternal.prod.dev-innovation.com",
                            "records.#": "0",
                            "set_identifier": "",
                            "ttl": "0",
                            "type": "A",
                            "zone_id": "Z8SG6XL97KAET"
                        },
                        "meta": {
                            "schema_version": "2"
                        },
                        "tainted": false
                    },
                    "deposed": [],
                    "provider": ""
                }
            },
            "depends_on": []
        },
        {
            "path": [
                "root",
                "customer_listener_rule"
            ],
            "outputs": {},
            "resources": {
                "aws_alb_listener_rule.innovation-frontend-listener-rule": {
                    "type": "aws_alb_listener_rule",
                    "depends_on": [],
                    "primary": {
                        "id": "arn:aws:elasticloadbalancing:us-west-2:687890756020:listener-rule/app/di-alb20180301061015895700000001/d8cdc0fbdb9d4b88/49c2e32296f40278/adf56eb108a9cca7",
                        "attributes": {
                            "action.#": "1",
                            "action.0.target_group_arn": "arn:aws:elasticloadbalancing:us-west-2:687890756020:targetgroup/customer-prod/b58df091abff551c",
                            "action.0.type": "forward",
                            "arn": "arn:aws:elasticloadbalancing:us-west-2:687890756020:listener-rule/app/di-alb20180301061015895700000001/d8cdc0fbdb9d4b88/49c2e32296f40278/adf56eb108a9cca7",
                            "condition.#": "1",
                            "condition.3574541366.field": "path-pattern",
                            "condition.3574541366.values.#": "1",
                            "condition.3574541366.values.0": "/tip-innovation/remoting/*",
                            "id": "arn:aws:elasticloadbalancing:us-west-2:687890756020:listener-rule/app/di-alb20180301061015895700000001/d8cdc0fbdb9d4b88/49c2e32296f40278/adf56eb108a9cca7",
                            "listener_arn": "arn:aws:elasticloadbalancing:us-west-2:687890756020:listener/app/di-alb20180301061015895700000001/d8cdc0fbdb9d4b88/49c2e32296f40278",
                            "priority": "3"
                        },
                        "meta": {},
                        "tainted": false
                    },
                    "deposed": [],
                    "provider": ""
                }
            },
            "depends_on": []
        },
        {
            "path": [
                "root",
                "customer_listener_rule_https"
            ],
            "outputs": {},
            "resources": {
                "aws_alb_listener_rule.innovation-frontend-listener-rule": {
                    "type": "aws_alb_listener_rule",
                    "depends_on": [],
                    "primary": {
                        "id": "arn:aws:elasticloadbalancing:us-west-2:687890756020:listener-rule/app/di-alb20180301061015895700000001/d8cdc0fbdb9d4b88/3ae81d5afa1f0e9c/8f2baa7700e98d68",
                        "attributes": {
                            "action.#": "1",
                            "action.0.target_group_arn": "arn:aws:elasticloadbalancing:us-west-2:687890756020:targetgroup/customer-prod/b58df091abff551c",
                            "action.0.type": "forward",
                            "arn": "arn:aws:elasticloadbalancing:us-west-2:687890756020:listener-rule/app/di-alb20180301061015895700000001/d8cdc0fbdb9d4b88/3ae81d5afa1f0e9c/8f2baa7700e98d68",
                            "condition.#": "1",
                            "condition.3574541366.field": "path-pattern",
                            "condition.3574541366.values.#": "1",
                            "condition.3574541366.values.0": "/tip-innovation/remoting/*",
                            "id": "arn:aws:elasticloadbalancing:us-west-2:687890756020:listener-rule/app/di-alb20180301061015895700000001/d8cdc0fbdb9d4b88/3ae81d5afa1f0e9c/8f2baa7700e98d68",
                            "listener_arn": "arn:aws:elasticloadbalancing:us-west-2:687890756020:listener/app/di-alb20180301061015895700000001/d8cdc0fbdb9d4b88/3ae81d5afa1f0e9c",
                            "priority": "3"
                        },
                        "meta": {},
                        "tainted": false
                    },
                    "deposed": [],
                    "provider": ""
                }
            },
            "depends_on": []
        },
        {
            "path": [
                "root",
                "customer_targetgroup"
            ],
            "outputs": {
                "alb_target_arn": {
                    "sensitive": false,
                    "type": "string",
                    "value": "arn:aws:elasticloadbalancing:us-west-2:687890756020:targetgroup/customer-prod/b58df091abff551c"
                }
            },
            "resources": {
                "aws_alb_target_group.web": {
                    "type": "aws_alb_target_group",
                    "depends_on": [],
                    "primary": {
                        "id": "arn:aws:elasticloadbalancing:us-west-2:687890756020:targetgroup/customer-prod/b58df091abff551c",
                        "attributes": {
                            "arn": "arn:aws:elasticloadbalancing:us-west-2:687890756020:targetgroup/customer-prod/b58df091abff551c",
                            "arn_suffix": "targetgroup/customer-prod/b58df091abff551c",
                            "deregistration_delay": "300",
                            "health_check.#": "1",
                            "health_check.0.healthy_threshold": "3",
                            "health_check.0.interval": "30",
                            "health_check.0.matcher": "200",
                            "health_check.0.path": "/tip-innovation/healthCheck.html",
                            "health_check.0.port": "traffic-port",
                            "health_check.0.protocol": "HTTP",
                            "health_check.0.timeout": "5",
                            "health_check.0.unhealthy_threshold": "2",
                            "id": "arn:aws:elasticloadbalancing:us-west-2:687890756020:targetgroup/customer-prod/b58df091abff551c",
                            "name": "customer-prod",
                            "port": "80",
                            "protocol": "HTTP",
                            "stickiness.#": "1",
                            "stickiness.0.cookie_duration": "86400",
                            "stickiness.0.enabled": "true",
                            "stickiness.0.type": "lb_cookie",
                            "tags.%": "2",
                            "tags.app_name": "Derwent innovation",
                            "tags.created_by": "innovation-terraform",
                            "target_type": "instance",
                            "vpc_id": "vpc-c2447ca5"
                        },
                        "meta": {},
                        "tainted": false
                    },
                    "deposed": [],
                    "provider": ""
                }
            },
            "depends_on": []
        },
        {
            "path": [
                "root",
                "dns-alb-CNAME"
            ],
            "outputs": {},
            "resources": {},
            "depends_on": []
        },
        {
            "path": [
                "root",
                "dns-alb-recordset"
            ],
            "outputs": {},
            "resources": {},
            "depends_on": []
        },
        {
            "path": [
                "root",
                "docdel-recordset"
            ],
            "outputs": {},
            "resources": {
                "aws_route53_record.innovation_route53_record": {
                    "type": "aws_route53_record",
                    "depends_on": [],
                    "primary": {
                        "id": "Z8SG6XL97KAET_docdel.prod.dev-innovation.com_CNAME",
                        "attributes": {
                            "allow_overwrite": "true",
                            "fqdn": "docdel.prod.dev-innovation.com",
                            "health_check_id": "",
                            "id": "Z8SG6XL97KAET_docdel.prod.dev-innovation.com_CNAME",
                            "name": "docdel.prod.dev-innovation.com",
                            "records.#": "1",
                            "records.2056450556": "devdocdelivery.dev-innovation.com",
                            "set_identifier": "",
                            "ttl": "86400",
                            "type": "CNAME",
                            "zone_id": "Z8SG6XL97KAET"
                        },
                        "meta": {
                            "schema_version": "2"
                        },
                        "tainted": false
                    },
                    "deposed": [],
                    "provider": ""
                }
            },
            "depends_on": []
        },
        {
            "path": [
                "root",
                "dynomite_manager-security_group_rule"
            ],
            "outputs": {},
            "resources": {
                "aws_security_group_rule.security_group_inbound.0": {
                    "type": "aws_security_group_rule",
                    "depends_on": [],
                    "primary": {
                        "id": "sgrule-3133220078",
                        "attributes": {
                            "cidr_blocks.#": "0",
                            "description": "customer_security_group",
                            "from_port": "8080",
                            "id": "sgrule-3133220078",
                            "ipv6_cidr_blocks.#": "0",
                            "prefix_list_ids.#": "0",
                            "protocol": "tcp",
                            "security_group_id": "sg-3cb91640",
                            "self": "false",
                            "source_security_group_id": "sg-27c28f58",
                            "to_port": "8080",
                            "type": "ingress"
                        },
                        "meta": {
                            "schema_version": "2"
                        },
                        "tainted": false
                    },
                    "deposed": [],
                    "provider": ""
                },
                "aws_security_group_rule.security_group_inbound.1": {
                    "type": "aws_security_group_rule",
                    "depends_on": [],
                    "primary": {
                        "id": "sgrule-56154918",
                        "attributes": {
                            "cidr_blocks.#": "0",
                            "description": "customer_security_group",
                            "from_port": "8101",
                            "id": "sgrule-56154918",
                            "ipv6_cidr_blocks.#": "0",
                            "prefix_list_ids.#": "0",
                            "protocol": "tcp",
                            "security_group_id": "sg-3cb91640",
                            "self": "false",
                            "source_security_group_id": "sg-27c28f58",
                            "to_port": "8101",
                            "type": "ingress"
                        },
                        "meta": {
                            "schema_version": "2"
                        },
                        "tainted": false
                    },
                    "deposed": [],
                    "provider": ""
                },
                "aws_security_group_rule.security_group_inbound.2": {
                    "type": "aws_security_group_rule",
                    "depends_on": [],
                    "primary": {
                        "id": "sgrule-2966222565",
                        "attributes": {
                            "cidr_blocks.#": "0",
                            "description": "customer_security_group",
                            "from_port": "8101",
                            "id": "sgrule-2966222565",
                            "ipv6_cidr_blocks.#": "0",
                            "prefix_list_ids.#": "0",
                            "protocol": "tcp",
                            "security_group_id": "sg-3cb91640",
                            "self": "false",
                            "source_security_group_id": "sg-27c28f58",
                            "to_port": "8102",
                            "type": "ingress"
                        },
                        "meta": {
                            "schema_version": "2"
                        },
                        "tainted": false
                    },
                    "deposed": [],
                    "provider": ""
                }
            },
            "depends_on": []
        },
        {
            "path": [
                "root",
                "exporter_listener-rule"
            ],
            "outputs": {},
            "resources": {
                "aws_alb_listener_rule.innovation-frontend-listener-rule": {
                    "type": "aws_alb_listener_rule",
                    "depends_on": [],
                    "primary": {
                        "id": "arn:aws:elasticloadbalancing:us-west-2:687890756020:listener-rule/app/di-alb20180301061015895700000001/d8cdc0fbdb9d4b88/49c2e32296f40278/3959cdab352fc13c",
                        "attributes": {
                            "action.#": "1",
                            "action.0.target_group_arn": "arn:aws:elasticloadbalancing:us-west-2:687890756020:targetgroup/exporter-prod/492b2b195f56f791",
                            "action.0.type": "forward",
                            "arn": "arn:aws:elasticloadbalancing:us-west-2:687890756020:listener-rule/app/di-alb20180301061015895700000001/d8cdc0fbdb9d4b88/49c2e32296f40278/3959cdab352fc13c",
                            "condition.#": "1",
                            "condition.3168978806.field": "path-pattern",
                            "condition.3168978806.values.#": "1",
                            "condition.3168978806.values.0": "/tip-innovation/remoting/remoteExportProcessor",
                            "id": "arn:aws:elasticloadbalancing:us-west-2:687890756020:listener-rule/app/di-alb20180301061015895700000001/d8cdc0fbdb9d4b88/49c2e32296f40278/3959cdab352fc13c",
                            "listener_arn": "arn:aws:elasticloadbalancing:us-west-2:687890756020:listener/app/di-alb20180301061015895700000001/d8cdc0fbdb9d4b88/49c2e32296f40278",
                            "priority": "1"
                        },
                        "meta": {},
                        "tainted": false
                    },
                    "deposed": [],
                    "provider": ""
                }
            },
            "depends_on": []
        },
        {
            "path": [
                "root",
                "exporter_listener-rule_https"
            ],
            "outputs": {},
            "resources": {
                "aws_alb_listener_rule.innovation-frontend-listener-rule": {
                    "type": "aws_alb_listener_rule",
                    "depends_on": [],
                    "primary": {
                        "id": "arn:aws:elasticloadbalancing:us-west-2:687890756020:listener-rule/app/di-alb20180301061015895700000001/d8cdc0fbdb9d4b88/3ae81d5afa1f0e9c/1c64e39fd29b3faa",
                        "attributes": {
                            "action.#": "1",
                            "action.0.target_group_arn": "arn:aws:elasticloadbalancing:us-west-2:687890756020:targetgroup/exporter-prod/492b2b195f56f791",
                            "action.0.type": "forward",
                            "arn": "arn:aws:elasticloadbalancing:us-west-2:687890756020:listener-rule/app/di-alb20180301061015895700000001/d8cdc0fbdb9d4b88/3ae81d5afa1f0e9c/1c64e39fd29b3faa",
                            "condition.#": "1",
                            "condition.3168978806.field": "path-pattern",
                            "condition.3168978806.values.#": "1",
                            "condition.3168978806.values.0": "/tip-innovation/remoting/remoteExportProcessor",
                            "id": "arn:aws:elasticloadbalancing:us-west-2:687890756020:listener-rule/app/di-alb20180301061015895700000001/d8cdc0fbdb9d4b88/3ae81d5afa1f0e9c/1c64e39fd29b3faa",
                            "listener_arn": "arn:aws:elasticloadbalancing:us-west-2:687890756020:listener/app/di-alb20180301061015895700000001/d8cdc0fbdb9d4b88/3ae81d5afa1f0e9c",
                            "priority": "1"
                        },
                        "meta": {},
                        "tainted": false
                    },
                    "deposed": [],
                    "provider": ""
                }
            },
            "depends_on": []
        },
        {
            "path": [
                "root",
                "exporter_targetgroup"
            ],
            "outputs": {
                "alb_target_arn": {
                    "sensitive": false,
                    "type": "string",
                    "value": "arn:aws:elasticloadbalancing:us-west-2:687890756020:targetgroup/exporter-prod/492b2b195f56f791"
                }
            },
            "resources": {
                "aws_alb_target_group.web": {
                    "type": "aws_alb_target_group",
                    "depends_on": [],
                    "primary": {
                        "id": "arn:aws:elasticloadbalancing:us-west-2:687890756020:targetgroup/exporter-prod/492b2b195f56f791",
                        "attributes": {
                            "arn": "arn:aws:elasticloadbalancing:us-west-2:687890756020:targetgroup/exporter-prod/492b2b195f56f791",
                            "arn_suffix": "targetgroup/exporter-prod/492b2b195f56f791",
                            "deregistration_delay": "300",
                            "health_check.#": "1",
                            "health_check.0.healthy_threshold": "3",
                            "health_check.0.interval": "30",
                            "health_check.0.matcher": "200",
                            "health_check.0.path": "/tip-innovation/blank.jsp",
                            "health_check.0.port": "traffic-port",
                            "health_check.0.protocol": "HTTP",
                            "health_check.0.timeout": "5",
                            "health_check.0.unhealthy_threshold": "2",
                            "id": "arn:aws:elasticloadbalancing:us-west-2:687890756020:targetgroup/exporter-prod/492b2b195f56f791",
                            "name": "exporter-prod",
                            "port": "8080",
                            "protocol": "HTTP",
                            "stickiness.#": "1",
                            "stickiness.0.cookie_duration": "86400",
                            "stickiness.0.enabled": "true",
                            "stickiness.0.type": "lb_cookie",
                            "tags.%": "2",
                            "tags.app_name": "Derwent innovation",
                            "tags.created_by": "innovation-terraform",
                            "target_type": "instance",
                            "vpc_id": "vpc-c2447ca5"
                        },
                        "meta": {},
                        "tainted": false
                    },
                    "deposed": [],
                    "provider": ""
                }
            },
            "depends_on": []
        },
        {
            "path": [
                "root",
                "feeder_listener-rule"
            ],
            "outputs": {},
            "resources": {
                "aws_alb_listener_rule.innovation-frontend-listener-rule": {
                    "type": "aws_alb_listener_rule",
                    "depends_on": [],
                    "primary": {
                        "id": "arn:aws:elasticloadbalancing:us-west-2:687890756020:listener-rule/app/di-alb20180301061015895700000001/d8cdc0fbdb9d4b88/49c2e32296f40278/cc671db931066039",
                        "attributes": {
                            "action.#": "1",
                            "action.0.target_group_arn": "arn:aws:elasticloadbalancing:us-west-2:687890756020:targetgroup/feeder-prod/27a525924bf2bf57",
                            "action.0.type": "forward",
                            "arn": "arn:aws:elasticloadbalancing:us-west-2:687890756020:listener-rule/app/di-alb20180301061015895700000001/d8cdc0fbdb9d4b88/49c2e32296f40278/cc671db931066039",
                            "condition.#": "1",
                            "condition.1547665937.field": "path-pattern",
                            "condition.1547665937.values.#": "1",
                            "condition.1547665937.values.0": "/tip-innovation/internal/deFeeder*.do*",
                            "id": "arn:aws:elasticloadbalancing:us-west-2:687890756020:listener-rule/app/di-alb20180301061015895700000001/d8cdc0fbdb9d4b88/49c2e32296f40278/cc671db931066039",
                            "listener_arn": "arn:aws:elasticloadbalancing:us-west-2:687890756020:listener/app/di-alb20180301061015895700000001/d8cdc0fbdb9d4b88/49c2e32296f40278",
                            "priority": "4"
                        },
                        "meta": {},
                        "tainted": false
                    },
                    "deposed": [],
                    "provider": ""
                }
            },
            "depends_on": []
        },
        {
            "path": [
                "root",
                "feeder_listener-rule_https"
            ],
            "outputs": {},
            "resources": {
                "aws_alb_listener_rule.innovation-frontend-listener-rule": {
                    "type": "aws_alb_listener_rule",
                    "depends_on": [],
                    "primary": {
                        "id": "arn:aws:elasticloadbalancing:us-west-2:687890756020:listener-rule/app/di-alb20180301061015895700000001/d8cdc0fbdb9d4b88/3ae81d5afa1f0e9c/2540a54c602eda5b",
                        "attributes": {
                            "action.#": "1",
                            "action.0.target_group_arn": "arn:aws:elasticloadbalancing:us-west-2:687890756020:targetgroup/feeder-prod/27a525924bf2bf57",
                            "action.0.type": "forward",
                            "arn": "arn:aws:elasticloadbalancing:us-west-2:687890756020:listener-rule/app/di-alb20180301061015895700000001/d8cdc0fbdb9d4b88/3ae81d5afa1f0e9c/2540a54c602eda5b",
                            "condition.#": "1",
                            "condition.1547665937.field": "path-pattern",
                            "condition.1547665937.values.#": "1",
                            "condition.1547665937.values.0": "/tip-innovation/internal/deFeeder*.do*",
                            "id": "arn:aws:elasticloadbalancing:us-west-2:687890756020:listener-rule/app/di-alb20180301061015895700000001/d8cdc0fbdb9d4b88/3ae81d5afa1f0e9c/2540a54c602eda5b",
                            "listener_arn": "arn:aws:elasticloadbalancing:us-west-2:687890756020:listener/app/di-alb20180301061015895700000001/d8cdc0fbdb9d4b88/3ae81d5afa1f0e9c",
                            "priority": "4"
                        },
                        "meta": {},
                        "tainted": false
                    },
                    "deposed": [],
                    "provider": ""
                }
            },
            "depends_on": []
        },
        {
            "path": [
                "root",
                "feeder_targetgroup"
            ],
            "outputs": {
                "alb_target_arn": {
                    "sensitive": false,
                    "type": "string",
                    "value": "arn:aws:elasticloadbalancing:us-west-2:687890756020:targetgroup/feeder-prod/27a525924bf2bf57"
                }
            },
            "resources": {
                "aws_alb_target_group.web": {
                    "type": "aws_alb_target_group",
                    "depends_on": [],
                    "primary": {
                        "id": "arn:aws:elasticloadbalancing:us-west-2:687890756020:targetgroup/feeder-prod/27a525924bf2bf57",
                        "attributes": {
                            "arn": "arn:aws:elasticloadbalancing:us-west-2:687890756020:targetgroup/feeder-prod/27a525924bf2bf57",
                            "arn_suffix": "targetgroup/feeder-prod/27a525924bf2bf57",
                            "deregistration_delay": "300",
                            "health_check.#": "1",
                            "health_check.0.healthy_threshold": "3",
                            "health_check.0.interval": "30",
                            "health_check.0.matcher": "200",
                            "health_check.0.path": "/tip-innovation/healthCheck.html",
                            "health_check.0.port": "traffic-port",
                            "health_check.0.protocol": "HTTP",
                            "health_check.0.timeout": "5",
                            "health_check.0.unhealthy_threshold": "2",
                            "id": "arn:aws:elasticloadbalancing:us-west-2:687890756020:targetgroup/feeder-prod/27a525924bf2bf57",
                            "name": "feeder-prod",
                            "port": "8080",
                            "protocol": "HTTP",
                            "stickiness.#": "1",
                            "stickiness.0.cookie_duration": "86400",
                            "stickiness.0.enabled": "true",
                            "stickiness.0.type": "lb_cookie",
                            "tags.%": "2",
                            "tags.app_name": "Derwent innovation",
                            "tags.created_by": "innovation-terraform",
                            "target_type": "instance",
                            "vpc_id": "vpc-c2447ca5"
                        },
                        "meta": {},
                        "tainted": false
                    },
                    "deposed": [],
                    "provider": ""
                }
            },
            "depends_on": []
        },
        {
            "path": [
                "root",
                "frontapp_listener-rule"
            ],
            "outputs": {},
            "resources": {
                "aws_alb_listener_rule.innovation-frontend-listener-rule": {
                    "type": "aws_alb_listener_rule",
                    "depends_on": [],
                    "primary": {
                        "id": "arn:aws:elasticloadbalancing:us-west-2:687890756020:listener-rule/app/di-alb20180301061015895700000001/d8cdc0fbdb9d4b88/49c2e32296f40278/b8c374f572a57a8a",
                        "attributes": {
                            "action.#": "1",
                            "action.0.target_group_arn": "arn:aws:elasticloadbalancing:us-west-2:687890756020:targetgroup/frontapp-prod/a4da18bb76a215a4",
                            "action.0.type": "forward",
                            "arn": "arn:aws:elasticloadbalancing:us-west-2:687890756020:listener-rule/app/di-alb20180301061015895700000001/d8cdc0fbdb9d4b88/49c2e32296f40278/b8c374f572a57a8a",
                            "condition.#": "1",
                            "condition.4061533990.field": "path-pattern",
                            "condition.4061533990.values.#": "1",
                            "condition.4061533990.values.0": "/frontapp/*",
                            "id": "arn:aws:elasticloadbalancing:us-west-2:687890756020:listener-rule/app/di-alb20180301061015895700000001/d8cdc0fbdb9d4b88/49c2e32296f40278/b8c374f572a57a8a",
                            "listener_arn": "arn:aws:elasticloadbalancing:us-west-2:687890756020:listener/app/di-alb20180301061015895700000001/d8cdc0fbdb9d4b88/49c2e32296f40278",
                            "priority": "6"
                        },
                        "meta": {},
                        "tainted": false
                    },
                    "deposed": [],
                    "provider": ""
                }
            },
            "depends_on": []
        },
        {
            "path": [
                "root",
                "frontapp_listener-rule_https"
            ],
            "outputs": {},
            "resources": {
                "aws_alb_listener_rule.innovation-frontend-listener-rule": {
                    "type": "aws_alb_listener_rule",
                    "depends_on": [],
                    "primary": {
                        "id": "arn:aws:elasticloadbalancing:us-west-2:687890756020:listener-rule/app/di-alb20180301061015895700000001/d8cdc0fbdb9d4b88/3ae81d5afa1f0e9c/3bb7c8345212c969",
                        "attributes": {
                            "action.#": "1",
                            "action.0.target_group_arn": "arn:aws:elasticloadbalancing:us-west-2:687890756020:targetgroup/frontapp-prod/a4da18bb76a215a4",
                            "action.0.type": "forward",
                            "arn": "arn:aws:elasticloadbalancing:us-west-2:687890756020:listener-rule/app/di-alb20180301061015895700000001/d8cdc0fbdb9d4b88/3ae81d5afa1f0e9c/3bb7c8345212c969",
                            "condition.#": "1",
                            "condition.4061533990.field": "path-pattern",
                            "condition.4061533990.values.#": "1",
                            "condition.4061533990.values.0": "/frontapp/*",
                            "id": "arn:aws:elasticloadbalancing:us-west-2:687890756020:listener-rule/app/di-alb20180301061015895700000001/d8cdc0fbdb9d4b88/3ae81d5afa1f0e9c/3bb7c8345212c969",
                            "listener_arn": "arn:aws:elasticloadbalancing:us-west-2:687890756020:listener/app/di-alb20180301061015895700000001/d8cdc0fbdb9d4b88/3ae81d5afa1f0e9c",
                            "priority": "6"
                        },
                        "meta": {},
                        "tainted": false
                    },
                    "deposed": [],
                    "provider": ""
                }
            },
            "depends_on": []
        },
        {
            "path": [
                "root",
                "frontapp_targetgroup"
            ],
            "outputs": {
                "alb_target_arn": {
                    "sensitive": false,
                    "type": "string",
                    "value": "arn:aws:elasticloadbalancing:us-west-2:687890756020:targetgroup/frontapp-prod/a4da18bb76a215a4"
                }
            },
            "resources": {
                "aws_alb_target_group.web": {
                    "type": "aws_alb_target_group",
                    "depends_on": [],
                    "primary": {
                        "id": "arn:aws:elasticloadbalancing:us-west-2:687890756020:targetgroup/frontapp-prod/a4da18bb76a215a4",
                        "attributes": {
                            "arn": "arn:aws:elasticloadbalancing:us-west-2:687890756020:targetgroup/frontapp-prod/a4da18bb76a215a4",
                            "arn_suffix": "targetgroup/frontapp-prod/a4da18bb76a215a4",
                            "deregistration_delay": "300",
                            "health_check.#": "1",
                            "health_check.0.healthy_threshold": "3",
                            "health_check.0.interval": "30",
                            "health_check.0.matcher": "200",
                            "health_check.0.path": "/frontapp/healthCheck.html",
                            "health_check.0.port": "traffic-port",
                            "health_check.0.protocol": "HTTP",
                            "health_check.0.timeout": "5",
                            "health_check.0.unhealthy_threshold": "2",
                            "id": "arn:aws:elasticloadbalancing:us-west-2:687890756020:targetgroup/frontapp-prod/a4da18bb76a215a4",
                            "name": "frontapp-prod",
                            "port": "8080",
                            "protocol": "HTTP",
                            "stickiness.#": "1",
                            "stickiness.0.cookie_duration": "86400",
                            "stickiness.0.enabled": "true",
                            "stickiness.0.type": "lb_cookie",
                            "tags.%": "0",
                            "target_type": "instance",
                            "vpc_id": "vpc-c2447ca5"
                        },
                        "meta": {},
                        "tainted": false
                    },
                    "deposed": [],
                    "provider": ""
                }
            },
            "depends_on": []
        },
        {
            "path": [
                "root",
                "graylogger-recordset"
            ],
            "outputs": {},
            "resources": {
                "aws_route53_record.innovation_route53_record": {
                    "type": "aws_route53_record",
                    "depends_on": [],
                    "primary": {
                        "id": "Z8SG6XL97KAET_graylogger.us-west-2.prod.dev-innovation.com_CNAME",
                        "attributes": {
                            "allow_overwrite": "true",
                            "fqdn": "graylogger.us-west-2.prod.dev-innovation.com",
                            "health_check_id": "",
                            "id": "Z8SG6XL97KAET_graylogger.us-west-2.prod.dev-innovation.com_CNAME",
                            "name": "graylogger.us-west-2.prod.dev-innovation.com",
                            "records.#": "1",
                            "records.485324604": "graylogger.us-west-2.dev.oneplatform.build",
                            "set_identifier": "",
                            "ttl": "300",
                            "type": "CNAME",
                            "zone_id": "Z8SG6XL97KAET"
                        },
                        "meta": {
                            "schema_version": "2"
                        },
                        "tainted": false
                    },
                    "deposed": [],
                    "provider": ""
                }
            },
            "depends_on": []
        },
        {
            "path": [
                "root",
                "imaphost-recordset"
            ],
            "outputs": {},
            "resources": {
                "aws_route53_record.innovation_route53_record": {
                    "type": "aws_route53_record",
                    "depends_on": [],
                    "primary": {
                        "id": "Z8SG6XL97KAET_imaphost.prod.dev-innovation.com_CNAME",
                        "attributes": {
                            "allow_overwrite": "true",
                            "fqdn": "imaphost.prod.dev-innovation.com",
                            "health_check_id": "",
                            "id": "Z8SG6XL97KAET_imaphost.prod.dev-innovation.com_CNAME",
                            "name": "imaphost.prod.dev-innovation.com",
                            "records.#": "1",
                            "records.3713021350": "tshuspaphimbx01.erf.thomson.com",
                            "set_identifier": "",
                            "ttl": "300",
                            "type": "CNAME",
                            "zone_id": "Z8SG6XL97KAET"
                        },
                        "meta": {
                            "schema_version": "2"
                        },
                        "tainted": false
                    },
                    "deposed": [],
                    "provider": ""
                }
            },
            "depends_on": []
        },
        {
            "path": [
                "root",
                "innov-alb-listener_http"
            ],
            "outputs": {
                "listener_arn": {
                    "sensitive": false,
                    "type": "string",
                    "value": "arn:aws:elasticloadbalancing:us-west-2:687890756020:listener/app/di-alb20180301061015895700000001/d8cdc0fbdb9d4b88/49c2e32296f40278"
                }
            },
            "resources": {
                "aws_alb_listener.listener": {
                    "type": "aws_alb_listener",
                    "depends_on": [],
                    "primary": {
                        "id": "arn:aws:elasticloadbalancing:us-west-2:687890756020:listener/app/di-alb20180301061015895700000001/d8cdc0fbdb9d4b88/49c2e32296f40278",
                        "attributes": {
                            "arn": "arn:aws:elasticloadbalancing:us-west-2:687890756020:listener/app/di-alb20180301061015895700000001/d8cdc0fbdb9d4b88/49c2e32296f40278",
                            "default_action.#": "1",
                            "default_action.0.target_group_arn": "arn:aws:elasticloadbalancing:us-west-2:687890756020:targetgroup/customer-prod/b58df091abff551c",
                            "default_action.0.type": "forward",
                            "id": "arn:aws:elasticloadbalancing:us-west-2:687890756020:listener/app/di-alb20180301061015895700000001/d8cdc0fbdb9d4b88/49c2e32296f40278",
                            "load_balancer_arn": "arn:aws:elasticloadbalancing:us-west-2:687890756020:loadbalancer/app/di-alb20180301061015895700000001/d8cdc0fbdb9d4b88",
                            "port": "80",
                            "protocol": "HTTP",
                            "ssl_policy": ""
                        },
                        "meta": {},
                        "tainted": false
                    },
                    "deposed": [],
                    "provider": ""
                }
            },
            "depends_on": []
        },
        {
            "path": [
                "root",
                "innov-alb-listener_https"
            ],
            "outputs": {
                "listener_arn": {
                    "sensitive": false,
                    "type": "string",
                    "value": "arn:aws:elasticloadbalancing:us-west-2:687890756020:listener/app/di-alb20180301061015895700000001/d8cdc0fbdb9d4b88/3ae81d5afa1f0e9c"
                }
            },
            "resources": {
                "aws_alb_listener.listener": {
                    "type": "aws_alb_listener",
                    "depends_on": [],
                    "primary": {
                        "id": "arn:aws:elasticloadbalancing:us-west-2:687890756020:listener/app/di-alb20180301061015895700000001/d8cdc0fbdb9d4b88/3ae81d5afa1f0e9c",
                        "attributes": {
                            "arn": "arn:aws:elasticloadbalancing:us-west-2:687890756020:listener/app/di-alb20180301061015895700000001/d8cdc0fbdb9d4b88/3ae81d5afa1f0e9c",
                            "certificate_arn": "arn:aws:acm:us-west-2:687890756020:certificate/d34e745d-03ea-48f7-89c4-208225f68b51",
                            "default_action.#": "1",
                            "default_action.0.target_group_arn": "arn:aws:elasticloadbalancing:us-west-2:687890756020:targetgroup/customer-prod/b58df091abff551c",
                            "default_action.0.type": "forward",
                            "id": "arn:aws:elasticloadbalancing:us-west-2:687890756020:listener/app/di-alb20180301061015895700000001/d8cdc0fbdb9d4b88/3ae81d5afa1f0e9c",
                            "load_balancer_arn": "arn:aws:elasticloadbalancing:us-west-2:687890756020:loadbalancer/app/di-alb20180301061015895700000001/d8cdc0fbdb9d4b88",
                            "port": "443",
                            "protocol": "HTTPS",
                            "ssl_policy": "ELBSecurityPolicy-TLS-1-2-2017-01"
                        },
                        "meta": {},
                        "tainted": false
                    },
                    "deposed": [],
                    "provider": ""
                }
            },
            "depends_on": []
        },
        {
            "path": [
                "root",
                "innovation-customer-security_group"
            ],
            "outputs": {
                "security_group_id": {
                    "sensitive": false,
                    "type": "string",
                    "value": "sg-27c28f58"
                }
            },
            "resources": {
                "aws_security_group.security_group": {
                    "type": "aws_security_group",
                    "depends_on": [
                        "local.default_tags",
                        "local.name_tag_key",
                        "local.name_tag_value"
                    ],
                    "primary": {
                        "id": "sg-27c28f58",
                        "attributes": {
                            "description": "Managed by Terraform",
                            "egress.#": "1",
                            "egress.482069346.cidr_blocks.#": "1",
                            "egress.482069346.cidr_blocks.0": "0.0.0.0/0",
                            "egress.482069346.description": "",
                            "egress.482069346.from_port": "0",
                            "egress.482069346.ipv6_cidr_blocks.#": "0",
                            "egress.482069346.prefix_list_ids.#": "0",
                            "egress.482069346.protocol": "-1",
                            "egress.482069346.security_groups.#": "0",
                            "egress.482069346.self": "false",
                            "egress.482069346.to_port": "0",
                            "id": "sg-27c28f58",
                            "ingress.#": "4",
                            "ingress.1160969149.cidr_blocks.#": "0",
                            "ingress.1160969149.description": "customer_security_group",
                            "ingress.1160969149.from_port": "80",
                            "ingress.1160969149.ipv6_cidr_blocks.#": "0",
                            "ingress.1160969149.protocol": "tcp",
                            "ingress.1160969149.security_groups.#": "2",
                            "ingress.1160969149.security_groups.1666581812": "sg-cdd994b2",
                            "ingress.1160969149.security_groups.3958015466": "sg-07b3a97c",
                            "ingress.1160969149.self": "false",
                            "ingress.1160969149.to_port": "80",
                            "ingress.3399851190.cidr_blocks.#": "0",
                            "ingress.3399851190.description": "customer_security_group",
                            "ingress.3399851190.from_port": "8999",
                            "ingress.3399851190.ipv6_cidr_blocks.#": "0",
                            "ingress.3399851190.protocol": "tcp",
                            "ingress.3399851190.security_groups.#": "2",
                            "ingress.3399851190.security_groups.1666581812": "sg-cdd994b2",
                            "ingress.3399851190.security_groups.3958015466": "sg-07b3a97c",
                            "ingress.3399851190.self": "false",
                            "ingress.3399851190.to_port": "8999",
                            "ingress.3746701294.cidr_blocks.#": "0",
                            "ingress.3746701294.description": "customer_security_group",
                            "ingress.3746701294.from_port": "81",
                            "ingress.3746701294.ipv6_cidr_blocks.#": "0",
                            "ingress.3746701294.protocol": "tcp",
                            "ingress.3746701294.security_groups.#": "2",
                            "ingress.3746701294.security_groups.1666581812": "sg-cdd994b2",
                            "ingress.3746701294.security_groups.3958015466": "sg-07b3a97c",
                            "ingress.3746701294.self": "false",
                            "ingress.3746701294.to_port": "81",
                            "ingress.4257652706.cidr_blocks.#": "0",
                            "ingress.4257652706.description": "customer_security_group",
                            "ingress.4257652706.from_port": "9000",
                            "ingress.4257652706.ipv6_cidr_blocks.#": "0",
                            "ingress.4257652706.protocol": "tcp",
                            "ingress.4257652706.security_groups.#": "2",
                            "ingress.4257652706.security_groups.1666581812": "sg-cdd994b2",
                            "ingress.4257652706.security_groups.3958015466": "sg-07b3a97c",
                            "ingress.4257652706.self": "false",
                            "ingress.4257652706.to_port": "9000",
                            "name": "customer-scg-prod",
                            "owner_id": "687890756020",
                            "revoke_rules_on_delete": "false",
                            "tags.%": "1",
                            "tags.Created By": "innovation-Terraform",
                            "vpc_id": "vpc-c2447ca5"
                        },
                        "meta": {
                            "schema_version": "1"
                        },
                        "tainted": false
                    },
                    "deposed": [],
                    "provider": ""
                },
                "aws_security_group_rule.security_group_outbound": {
                    "type": "aws_security_group_rule",
                    "depends_on": [
                        "aws_security_group.security_group"
                    ],
                    "primary": {
                        "id": "sgrule-13758176",
                        "attributes": {
                            "cidr_blocks.#": "1",
                            "cidr_blocks.0": "0.0.0.0/0",
                            "description": "",
                            "from_port": "0",
                            "id": "sgrule-13758176",
                            "ipv6_cidr_blocks.#": "0",
                            "prefix_list_ids.#": "0",
                            "protocol": "-1",
                            "security_group_id": "sg-27c28f58",
                            "self": "false",
                            "to_port": "0",
                            "type": "egress"
                        },
                        "meta": {
                            "schema_version": "2"
                        },
                        "tainted": false
                    },
                    "deposed": [],
                    "provider": ""
                }
            },
            "depends_on": []
        },
        {
            "path": [
                "root",
                "innovation-customer-security_group_rule"
            ],
            "outputs": {},
            "resources": {
                "aws_security_group_rule.security_group_inbound.0": {
                    "type": "aws_security_group_rule",
                    "depends_on": [],
                    "primary": {
                        "id": "sgrule-3963149525",
                        "attributes": {
                            "cidr_blocks.#": "0",
                            "description": "customer_security_group",
                            "from_port": "81",
                            "id": "sgrule-3963149525",
                            "ipv6_cidr_blocks.#": "0",
                            "prefix_list_ids.#": "0",
                            "protocol": "tcp",
                            "security_group_id": "sg-27c28f58",
                            "self": "false",
                            "source_security_group_id": "sg-07b3a97c",
                            "to_port": "81",
                            "type": "ingress"
                        },
                        "meta": {
                            "schema_version": "2"
                        },
                        "tainted": false
                    },
                    "deposed": [],
                    "provider": ""
                },
                "aws_security_group_rule.security_group_inbound.1": {
                    "type": "aws_security_group_rule",
                    "depends_on": [],
                    "primary": {
                        "id": "sgrule-507199448",
                        "attributes": {
                            "cidr_blocks.#": "0",
                            "description": "customer_security_group",
                            "from_port": "81",
                            "id": "sgrule-507199448",
                            "ipv6_cidr_blocks.#": "0",
                            "prefix_list_ids.#": "0",
                            "protocol": "tcp",
                            "security_group_id": "sg-27c28f58",
                            "self": "false",
                            "source_security_group_id": "sg-cdd994b2",
                            "to_port": "81",
                            "type": "ingress"
                        },
                        "meta": {
                            "schema_version": "2"
                        },
                        "tainted": false
                    },
                    "deposed": [],
                    "provider": ""
                },
                "aws_security_group_rule.security_group_inbound.2": {
                    "type": "aws_security_group_rule",
                    "depends_on": [],
                    "primary": {
                        "id": "sgrule-3201574044",
                        "attributes": {
                            "cidr_blocks.#": "0",
                            "description": "customer_security_group",
                            "from_port": "80",
                            "id": "sgrule-3201574044",
                            "ipv6_cidr_blocks.#": "0",
                            "prefix_list_ids.#": "0",
                            "protocol": "tcp",
                            "security_group_id": "sg-27c28f58",
                            "self": "false",
                            "source_security_group_id": "sg-07b3a97c",
                            "to_port": "80",
                            "type": "ingress"
                        },
                        "meta": {
                            "schema_version": "2"
                        },
                        "tainted": false
                    },
                    "deposed": [],
                    "provider": ""
                },
                "aws_security_group_rule.security_group_inbound.3": {
                    "type": "aws_security_group_rule",
                    "depends_on": [],
                    "primary": {
                        "id": "sgrule-1289209745",
                        "attributes": {
                            "cidr_blocks.#": "0",
                            "description": "customer_security_group",
                            "from_port": "80",
                            "id": "sgrule-1289209745",
                            "ipv6_cidr_blocks.#": "0",
                            "prefix_list_ids.#": "0",
                            "protocol": "tcp",
                            "security_group_id": "sg-27c28f58",
                            "self": "false",
                            "source_security_group_id": "sg-cdd994b2",
                            "to_port": "80",
                            "type": "ingress"
                        },
                        "meta": {
                            "schema_version": "2"
                        },
                        "tainted": false
                    },
                    "deposed": [],
                    "provider": ""
                },
                "aws_security_group_rule.security_group_inbound.4": {
                    "type": "aws_security_group_rule",
                    "depends_on": [],
                    "primary": {
                        "id": "sgrule-2314987583",
                        "attributes": {
                            "cidr_blocks.#": "0",
                            "description": "customer_security_group",
                            "from_port": "9000",
                            "id": "sgrule-2314987583",
                            "ipv6_cidr_blocks.#": "0",
                            "prefix_list_ids.#": "0",
                            "protocol": "tcp",
                            "security_group_id": "sg-27c28f58",
                            "self": "false",
                            "source_security_group_id": "sg-07b3a97c",
                            "to_port": "9000",
                            "type": "ingress"
                        },
                        "meta": {
                            "schema_version": "2"
                        },
                        "tainted": false
                    },
                    "deposed": [],
                    "provider": ""
                },
                "aws_security_group_rule.security_group_inbound.5": {
                    "type": "aws_security_group_rule",
                    "depends_on": [],
                    "primary": {
                        "id": "sgrule-2079853362",
                        "attributes": {
                            "cidr_blocks.#": "0",
                            "description": "customer_security_group",
                            "from_port": "9000",
                            "id": "sgrule-2079853362",
                            "ipv6_cidr_blocks.#": "0",
                            "prefix_list_ids.#": "0",
                            "protocol": "tcp",
                            "security_group_id": "sg-27c28f58",
                            "self": "false",
                            "source_security_group_id": "sg-cdd994b2",
                            "to_port": "9000",
                            "type": "ingress"
                        },
                        "meta": {
                            "schema_version": "2"
                        },
                        "tainted": false
                    },
                    "deposed": [],
                    "provider": ""
                },
                "aws_security_group_rule.security_group_inbound.6": {
                    "type": "aws_security_group_rule",
                    "depends_on": [],
                    "primary": {
                        "id": "sgrule-2230462036",
                        "attributes": {
                            "cidr_blocks.#": "0",
                            "description": "customer_security_group",
                            "from_port": "8999",
                            "id": "sgrule-2230462036",
                            "ipv6_cidr_blocks.#": "0",
                            "prefix_list_ids.#": "0",
                            "protocol": "tcp",
                            "security_group_id": "sg-27c28f58",
                            "self": "false",
                            "source_security_group_id": "sg-07b3a97c",
                            "to_port": "8999",
                            "type": "ingress"
                        },
                        "meta": {
                            "schema_version": "2"
                        },
                        "tainted": false
                    },
                    "deposed": [],
                    "provider": ""
                },
                "aws_security_group_rule.security_group_inbound.7": {
                    "type": "aws_security_group_rule",
                    "depends_on": [],
                    "primary": {
                        "id": "sgrule-1995556185",
                        "attributes": {
                            "cidr_blocks.#": "0",
                            "description": "customer_security_group",
                            "from_port": "8999",
                            "id": "sgrule-1995556185",
                            "ipv6_cidr_blocks.#": "0",
                            "prefix_list_ids.#": "0",
                            "protocol": "tcp",
                            "security_group_id": "sg-27c28f58",
                            "self": "false",
                            "source_security_group_id": "sg-cdd994b2",
                            "to_port": "8999",
                            "type": "ingress"
                        },
                        "meta": {
                            "schema_version": "2"
                        },
                        "tainted": false
                    },
                    "deposed": [],
                    "provider": ""
                }
            },
            "depends_on": []
        },
        {
            "path": [
                "root",
                "innovation-exporter-security_group"
            ],
            "outputs": {
                "security_group_id": {
                    "sensitive": false,
                    "type": "string",
                    "value": "sg-cdd994b2"
                }
            },
            "resources": {
                "aws_security_group.security_group": {
                    "type": "aws_security_group",
                    "depends_on": [
                        "local.default_tags",
                        "local.name_tag_key",
                        "local.name_tag_value"
                    ],
                    "primary": {
                        "id": "sg-cdd994b2",
                        "attributes": {
                            "description": "Managed by Terraform",
                            "egress.#": "1",
                            "egress.482069346.cidr_blocks.#": "1",
                            "egress.482069346.cidr_blocks.0": "0.0.0.0/0",
                            "egress.482069346.description": "",
                            "egress.482069346.from_port": "0",
                            "egress.482069346.ipv6_cidr_blocks.#": "0",
                            "egress.482069346.prefix_list_ids.#": "0",
                            "egress.482069346.protocol": "-1",
                            "egress.482069346.security_groups.#": "0",
                            "egress.482069346.self": "false",
                            "egress.482069346.to_port": "0",
                            "id": "sg-cdd994b2",
                            "ingress.#": "3",
                            "ingress.1791971198.cidr_blocks.#": "0",
                            "ingress.1791971198.description": "exporter_security_group",
                            "ingress.1791971198.from_port": "8081",
                            "ingress.1791971198.ipv6_cidr_blocks.#": "0",
                            "ingress.1791971198.protocol": "tcp",
                            "ingress.1791971198.security_groups.#": "1",
                            "ingress.1791971198.security_groups.3958015466": "sg-07b3a97c",
                            "ingress.1791971198.self": "false",
                            "ingress.1791971198.to_port": "8081",
                            "ingress.2295602572.cidr_blocks.#": "0",
                            "ingress.2295602572.description": "exporter_security_group",
                            "ingress.2295602572.from_port": "9088",
                            "ingress.2295602572.ipv6_cidr_blocks.#": "0",
                            "ingress.2295602572.protocol": "tcp",
                            "ingress.2295602572.security_groups.#": "1",
                            "ingress.2295602572.security_groups.3958015466": "sg-07b3a97c",
                            "ingress.2295602572.self": "false",
                            "ingress.2295602572.to_port": "9088",
                            "ingress.698749923.cidr_blocks.#": "0",
                            "ingress.698749923.description": "exporter_security_group",
                            "ingress.698749923.from_port": "8080",
                            "ingress.698749923.ipv6_cidr_blocks.#": "0",
                            "ingress.698749923.protocol": "tcp",
                            "ingress.698749923.security_groups.#": "1",
                            "ingress.698749923.security_groups.3958015466": "sg-07b3a97c",
                            "ingress.698749923.self": "false",
                            "ingress.698749923.to_port": "8080",
                            "name": "exporter-scg-prod",
                            "owner_id": "687890756020",
                            "revoke_rules_on_delete": "false",
                            "tags.%": "1",
                            "tags.Created By": "innovation-Terraform",
                            "vpc_id": "vpc-c2447ca5"
                        },
                        "meta": {
                            "schema_version": "1"
                        },
                        "tainted": false
                    },
                    "deposed": [],
                    "provider": ""
                },
                "aws_security_group_rule.security_group_outbound": {
                    "type": "aws_security_group_rule",
                    "depends_on": [
                        "aws_security_group.security_group"
                    ],
                    "primary": {
                        "id": "sgrule-1391436472",
                        "attributes": {
                            "cidr_blocks.#": "1",
                            "cidr_blocks.0": "0.0.0.0/0",
                            "description": "",
                            "from_port": "0",
                            "id": "sgrule-1391436472",
                            "ipv6_cidr_blocks.#": "0",
                            "prefix_list_ids.#": "0",
                            "protocol": "-1",
                            "security_group_id": "sg-cdd994b2",
                            "self": "false",
                            "to_port": "0",
                            "type": "egress"
                        },
                        "meta": {
                            "schema_version": "2"
                        },
                        "tainted": false
                    },
                    "deposed": [],
                    "provider": ""
                }
            },
            "depends_on": []
        },
        {
            "path": [
                "root",
                "innovation-exporter-security_group_rule"
            ],
            "outputs": {},
            "resources": {
                "aws_security_group_rule.security_group_inbound.0": {
                    "type": "aws_security_group_rule",
                    "depends_on": [],
                    "primary": {
                        "id": "sgrule-483139243",
                        "attributes": {
                            "cidr_blocks.#": "0",
                            "description": "exporter_security_group",
                            "from_port": "8080",
                            "id": "sgrule-483139243",
                            "ipv6_cidr_blocks.#": "0",
                            "prefix_list_ids.#": "0",
                            "protocol": "tcp",
                            "security_group_id": "sg-cdd994b2",
                            "self": "false",
                            "source_security_group_id": "sg-07b3a97c",
                            "to_port": "8080",
                            "type": "ingress"
                        },
                        "meta": {
                            "schema_version": "2"
                        },
                        "tainted": false
                    },
                    "deposed": [],
                    "provider": ""
                },
                "aws_security_group_rule.security_group_inbound.1": {
                    "type": "aws_security_group_rule",
                    "depends_on": [],
                    "primary": {
                        "id": "sgrule-3466856629",
                        "attributes": {
                            "cidr_blocks.#": "0",
                            "description": "exporter_security_group",
                            "from_port": "9088",
                            "id": "sgrule-3466856629",
                            "ipv6_cidr_blocks.#": "0",
                            "prefix_list_ids.#": "0",
                            "protocol": "tcp",
                            "security_group_id": "sg-cdd994b2",
                            "self": "false",
                            "source_security_group_id": "sg-07b3a97c",
                            "to_port": "9088",
                            "type": "ingress"
                        },
                        "meta": {
                            "schema_version": "2"
                        },
                        "tainted": false
                    },
                    "deposed": [],
                    "provider": ""
                },
                "aws_security_group_rule.security_group_inbound.2": {
                    "type": "aws_security_group_rule",
                    "depends_on": [],
                    "primary": {
                        "id": "sgrule-2207907904",
                        "attributes": {
                            "cidr_blocks.#": "0",
                            "description": "exporter_security_group",
                            "from_port": "8081",
                            "id": "sgrule-2207907904",
                            "ipv6_cidr_blocks.#": "0",
                            "prefix_list_ids.#": "0",
                            "protocol": "tcp",
                            "security_group_id": "sg-cdd994b2",
                            "self": "false",
                            "source_security_group_id": "sg-07b3a97c",
                            "to_port": "8081",
                            "type": "ingress"
                        },
                        "meta": {
                            "schema_version": "2"
                        },
                        "tainted": false
                    },
                    "deposed": [],
                    "provider": ""
                }
            },
            "depends_on": []
        },
        {
            "path": [
                "root",
                "innovation-frontapp-security_group"
            ],
            "outputs": {
                "security_group_id": {
                    "sensitive": false,
                    "type": "string",
                    "value": "sg-8ad994f5"
                }
            },
            "resources": {
                "aws_security_group.security_group": {
                    "type": "aws_security_group",
                    "depends_on": [
                        "local.default_tags",
                        "local.name_tag_key",
                        "local.name_tag_value"
                    ],
                    "primary": {
                        "id": "sg-8ad994f5",
                        "attributes": {
                            "description": "Managed by Terraform",
                            "egress.#": "1",
                            "egress.482069346.cidr_blocks.#": "1",
                            "egress.482069346.cidr_blocks.0": "0.0.0.0/0",
                            "egress.482069346.description": "",
                            "egress.482069346.from_port": "0",
                            "egress.482069346.ipv6_cidr_blocks.#": "0",
                            "egress.482069346.prefix_list_ids.#": "0",
                            "egress.482069346.protocol": "-1",
                            "egress.482069346.security_groups.#": "0",
                            "egress.482069346.self": "false",
                            "egress.482069346.to_port": "0",
                            "id": "sg-8ad994f5",
                            "ingress.#": "1",
                            "ingress.3249438150.cidr_blocks.#": "0",
                            "ingress.3249438150.description": "frontapp_security_group",
                            "ingress.3249438150.from_port": "8080",
                            "ingress.3249438150.ipv6_cidr_blocks.#": "0",
                            "ingress.3249438150.protocol": "tcp",
                            "ingress.3249438150.security_groups.#": "1",
                            "ingress.3249438150.security_groups.3958015466": "sg-07b3a97c",
                            "ingress.3249438150.self": "false",
                            "ingress.3249438150.to_port": "8080",
                            "name": "frontapp-scg-prod",
                            "owner_id": "687890756020",
                            "revoke_rules_on_delete": "false",
                            "tags.%": "1",
                            "tags.Created By": "innovation-Terraform",
                            "vpc_id": "vpc-c2447ca5"
                        },
                        "meta": {
                            "schema_version": "1"
                        },
                        "tainted": false
                    },
                    "deposed": [],
                    "provider": ""
                },
                "aws_security_group_rule.security_group_outbound": {
                    "type": "aws_security_group_rule",
                    "depends_on": [
                        "aws_security_group.security_group"
                    ],
                    "primary": {
                        "id": "sgrule-3416598814",
                        "attributes": {
                            "cidr_blocks.#": "1",
                            "cidr_blocks.0": "0.0.0.0/0",
                            "description": "",
                            "from_port": "0",
                            "id": "sgrule-3416598814",
                            "ipv6_cidr_blocks.#": "0",
                            "prefix_list_ids.#": "0",
                            "protocol": "-1",
                            "security_group_id": "sg-8ad994f5",
                            "self": "false",
                            "to_port": "0",
                            "type": "egress"
                        },
                        "meta": {
                            "schema_version": "2"
                        },
                        "tainted": false
                    },
                    "deposed": [],
                    "provider": ""
                }
            },
            "depends_on": []
        },
        {
            "path": [
                "root",
                "innovation-frontapp-security_group_rule"
            ],
            "outputs": {},
            "resources": {
                "aws_security_group_rule.security_group_inbound": {
                    "type": "aws_security_group_rule",
                    "depends_on": [],
                    "primary": {
                        "id": "sgrule-1117495155",
                        "attributes": {
                            "cidr_blocks.#": "0",
                            "description": "frontapp_security_group",
                            "from_port": "8080",
                            "id": "sgrule-1117495155",
                            "ipv6_cidr_blocks.#": "0",
                            "prefix_list_ids.#": "0",
                            "protocol": "tcp",
                            "security_group_id": "sg-8ad994f5",
                            "self": "false",
                            "source_security_group_id": "sg-07b3a97c",
                            "to_port": "8080",
                            "type": "ingress"
                        },
                        "meta": {
                            "schema_version": "2"
                        },
                        "tainted": false
                    },
                    "deposed": [],
                    "provider": ""
                }
            },
            "depends_on": []
        },
        {
            "path": [
                "root",
                "innovation-themescape_emr_Master_security_group"
            ],
            "outputs": {
                "security_group_id": {
                    "sensitive": false,
                    "type": "string",
                    "value": "sg-bcb473c2"
                }
            },
            "resources": {
                "aws_security_group.security_group": {
                    "type": "aws_security_group",
                    "depends_on": [
                        "local.default_tags",
                        "local.name_tag_key",
                        "local.name_tag_value"
                    ],
                    "primary": {
                        "id": "sg-bcb473c2",
                        "attributes": {
                            "description": "Managed by Terraform",
                            "egress.#": "0",
                            "id": "sg-bcb473c2",
                            "ingress.#": "4",
                            "ingress.1008486592.cidr_blocks.#": "0",
                            "ingress.1008486592.description": "",
                            "ingress.1008486592.from_port": "0",
                            "ingress.1008486592.ipv6_cidr_blocks.#": "0",
                            "ingress.1008486592.protocol": "udp",
                            "ingress.1008486592.security_groups.#": "1",
                            "ingress.1008486592.security_groups.2414808791": "sg-abb176d5",
                            "ingress.1008486592.self": "true",
                            "ingress.1008486592.to_port": "65535",
                            "ingress.1115844045.cidr_blocks.#": "0",
                            "ingress.1115844045.description": "",
                            "ingress.1115844045.from_port": "0",
                            "ingress.1115844045.ipv6_cidr_blocks.#": "0",
                            "ingress.1115844045.protocol": "tcp",
                            "ingress.1115844045.security_groups.#": "1",
                            "ingress.1115844045.security_groups.2414808791": "sg-abb176d5",
                            "ingress.1115844045.self": "true",
                            "ingress.1115844045.to_port": "65535",
                            "ingress.1613203171.cidr_blocks.#": "0",
                            "ingress.1613203171.description": "",
                            "ingress.1613203171.from_port": "8443",
                            "ingress.1613203171.ipv6_cidr_blocks.#": "0",
                            "ingress.1613203171.protocol": "tcp",
                            "ingress.1613203171.security_groups.#": "1",
                            "ingress.1613203171.security_groups.2453346467": "sg-f7b37489",
                            "ingress.1613203171.self": "false",
                            "ingress.1613203171.to_port": "8443",
                            "ingress.3050876070.cidr_blocks.#": "0",
                            "ingress.3050876070.description": "",
                            "ingress.3050876070.from_port": "-1",
                            "ingress.3050876070.ipv6_cidr_blocks.#": "0",
                            "ingress.3050876070.protocol": "icmp",
                            "ingress.3050876070.security_groups.#": "1",
                            "ingress.3050876070.security_groups.2414808791": "sg-abb176d5",
                            "ingress.3050876070.self": "true",
                            "ingress.3050876070.to_port": "-1",
                            "name": "ElasticMapReduce-Master-Private-prod",
                            "owner_id": "687890756020",
                            "revoke_rules_on_delete": "false",
                            "tags.%": "1",
                            "tags.Created By": "innovation-Terraform",
                            "vpc_id": "vpc-c2447ca5"
                        },
                        "meta": {
                            "schema_version": "1"
                        },
                        "tainted": false
                    },
                    "deposed": [],
                    "provider": ""
                }
            },
            "depends_on": []
        },
        {
            "path": [
                "root",
                "innovation-themescape_emr_service_access_security_group"
            ],
            "outputs": {
                "security_group_id": {
                    "sensitive": false,
                    "type": "string",
                    "value": "sg-f7b37489"
                }
            },
            "resources": {
                "aws_security_group.security_group": {
                    "type": "aws_security_group",
                    "depends_on": [
                        "local.default_tags",
                        "local.name_tag_key",
                        "local.name_tag_value"
                    ],
                    "primary": {
                        "id": "sg-f7b37489",
                        "attributes": {
                            "description": "Managed by Terraform",
                            "egress.#": "1",
                            "egress.4074553023.cidr_blocks.#": "0",
                            "egress.4074553023.description": "",
                            "egress.4074553023.from_port": "8443",
                            "egress.4074553023.ipv6_cidr_blocks.#": "0",
                            "egress.4074553023.prefix_list_ids.#": "0",
                            "egress.4074553023.protocol": "tcp",
                            "egress.4074553023.security_groups.#": "2",
                            "egress.4074553023.security_groups.2414808791": "sg-abb176d5",
                            "egress.4074553023.security_groups.3088665727": "sg-bcb473c2",
                            "egress.4074553023.self": "false",
                            "egress.4074553023.to_port": "8443",
                            "id": "sg-f7b37489",
                            "ingress.#": "0",
                            "name": "ElasticMapReduce-ServiceAccess-prod",
                            "owner_id": "687890756020",
                            "revoke_rules_on_delete": "false",
                            "tags.%": "1",
                            "tags.Created By": "innovation-Terraform",
                            "vpc_id": "vpc-c2447ca5"
                        },
                        "meta": {
                            "schema_version": "1"
                        },
                        "tainted": false
                    },
                    "deposed": [],
                    "provider": ""
                }
            },
            "depends_on": []
        },
        {
            "path": [
                "root",
                "innovation-themescape_emr_slave_security_group"
            ],
            "outputs": {
                "security_group_id": {
                    "sensitive": false,
                    "type": "string",
                    "value": "sg-abb176d5"
                }
            },
            "resources": {
                "aws_security_group.security_group": {
                    "type": "aws_security_group",
                    "depends_on": [
                        "local.default_tags",
                        "local.name_tag_key",
                        "local.name_tag_value"
                    ],
                    "primary": {
                        "id": "sg-abb176d5",
                        "attributes": {
                            "description": "Managed by Terraform",
                            "egress.#": "0",
                            "id": "sg-abb176d5",
                            "ingress.#": "4",
                            "ingress.1613203171.cidr_blocks.#": "0",
                            "ingress.1613203171.description": "",
                            "ingress.1613203171.from_port": "8443",
                            "ingress.1613203171.ipv6_cidr_blocks.#": "0",
                            "ingress.1613203171.protocol": "tcp",
                            "ingress.1613203171.security_groups.#": "1",
                            "ingress.1613203171.security_groups.2453346467": "sg-f7b37489",
                            "ingress.1613203171.self": "false",
                            "ingress.1613203171.to_port": "8443",
                            "ingress.1843556670.cidr_blocks.#": "0",
                            "ingress.1843556670.description": "",
                            "ingress.1843556670.from_port": "-1",
                            "ingress.1843556670.ipv6_cidr_blocks.#": "0",
                            "ingress.1843556670.protocol": "icmp",
                            "ingress.1843556670.security_groups.#": "1",
                            "ingress.1843556670.security_groups.3088665727": "sg-bcb473c2",
                            "ingress.1843556670.self": "true",
                            "ingress.1843556670.to_port": "-1",
                            "ingress.2595795029.cidr_blocks.#": "0",
                            "ingress.2595795029.description": "",
                            "ingress.2595795029.from_port": "0",
                            "ingress.2595795029.ipv6_cidr_blocks.#": "0",
                            "ingress.2595795029.protocol": "tcp",
                            "ingress.2595795029.security_groups.#": "1",
                            "ingress.2595795029.security_groups.3088665727": "sg-bcb473c2",
                            "ingress.2595795029.self": "true",
                            "ingress.2595795029.to_port": "65535",
                            "ingress.3827733848.cidr_blocks.#": "0",
                            "ingress.3827733848.description": "",
                            "ingress.3827733848.from_port": "0",
                            "ingress.3827733848.ipv6_cidr_blocks.#": "0",
                            "ingress.3827733848.protocol": "udp",
                            "ingress.3827733848.security_groups.#": "1",
                            "ingress.3827733848.security_groups.3088665727": "sg-bcb473c2",
                            "ingress.3827733848.self": "true",
                            "ingress.3827733848.to_port": "65535",
                            "name": "ElasticMapReduce-Slave-Private-prod",
                            "owner_id": "687890756020",
                            "revoke_rules_on_delete": "false",
                            "tags.%": "1",
                            "tags.Created By": "innovation-Terraform",
                            "vpc_id": "vpc-c2447ca5"
                        },
                        "meta": {
                            "schema_version": "1"
                        },
                        "tainted": false
                    },
                    "deposed": [],
                    "provider": ""
                }
            },
            "depends_on": []
        },
        {
            "path": [
                "root",
                "patents-recordset"
            ],
            "outputs": {},
            "resources": {
                "aws_route53_record.innovation_route53_record": {
                    "type": "aws_route53_record",
                    "depends_on": [],
                    "primary": {
                        "id": "Z8SG6XL97KAET_patents.prod.dev-innovation.com_A",
                        "attributes": {
                            "allow_overwrite": "true",
                            "fqdn": "patents.prod.dev-innovation.com",
                            "health_check_id": "",
                            "id": "Z8SG6XL97KAET_patents.prod.dev-innovation.com_A",
                            "name": "patents.prod.dev-innovation.com",
                            "records.#": "1",
                            "records.2302555673": "10.237.162.17",
                            "set_identifier": "",
                            "ttl": "300",
                            "type": "A",
                            "zone_id": "Z8SG6XL97KAET"
                        },
                        "meta": {
                            "schema_version": "2"
                        },
                        "tainted": false
                    },
                    "deposed": [],
                    "provider": ""
                }
            },
            "depends_on": []
        },
        {
            "path": [
                "root",
                "s3"
            ],
            "outputs": {},
            "resources": {
                "aws_s3_bucket.alb_log_bucket": {
                    "type": "aws_s3_bucket",
                    "depends_on": [],
                    "primary": {
                        "id": "di-alb-us-west-2-prod",
                        "attributes": {
                            "acceleration_status": "",
                            "acl": "log-delivery-write",
                            "arn": "arn:aws:s3:::di-alb-us-west-2-prod",
                            "bucket": "di-alb-us-west-2-prod",
                            "bucket_domain_name": "di-alb-us-west-2-prod.s3.amazonaws.com",
                            "force_destroy": "true",
                            "hosted_zone_id": "Z3BJ6K6RIION7M",
                            "id": "di-alb-us-west-2-prod",
                            "logging.#": "0",
                            "region": "us-west-2",
                            "replication_configuration.#": "0",
                            "request_payer": "BucketOwner",
                            "server_side_encryption_configuration.#": "0",
                            "tags.%": "3",
                            "tags.Environment": "prod",
                            "tags.Name": "alb Log bucket",
                            "tags.created_by": "innovation-terraform",
                            "versioning.#": "1",
                            "versioning.0.enabled": "false",
                            "versioning.0.mfa_delete": "false",
                            "website.#": "0"
                        },
                        "meta": {},
                        "tainted": false
                    },
                    "deposed": [],
                    "provider": ""
                },
                "aws_s3_bucket.inbuck": {
                    "type": "aws_s3_bucket",
                    "depends_on": [],
                    "primary": {
                        "id": "derwent-innovation-us-west-2-prod",
                        "attributes": {
                            "acceleration_status": "",
                            "acl": "private",
                            "arn": "arn:aws:s3:::derwent-innovation-us-west-2-prod",
                            "bucket": "derwent-innovation-us-west-2-prod",
                            "bucket_domain_name": "derwent-innovation-us-west-2-prod.s3.amazonaws.com",
                            "force_destroy": "true",
                            "hosted_zone_id": "Z3BJ6K6RIION7M",
                            "id": "derwent-innovation-us-west-2-prod",
                            "logging.#": "1",
                            "logging.1764536250.target_bucket": "innov-log-bucket-us-west-2-prod",
                            "logging.1764536250.target_prefix": "log/",
                            "region": "us-west-2",
                            "replication_configuration.#": "0",
                            "request_payer": "BucketOwner",
                            "server_side_encryption_configuration.#": "0",
                            "tags.%": "3",
                            "tags.Environment": "prod",
                            "tags.Name": "Innovation-us-west-2-prod",
                            "tags.created_by": "innovation-terraform",
                            "versioning.#": "1",
                            "versioning.0.enabled": "true",
                            "versioning.0.mfa_delete": "false",
                            "website.#": "0"
                        },
                        "meta": {},
                        "tainted": false
                    },
                    "deposed": [],
                    "provider": ""
                },
                "aws_s3_bucket.log_bucket": {
                    "type": "aws_s3_bucket",
                    "depends_on": [],
                    "primary": {
                        "id": "innov-log-bucket-us-west-2-prod",
                        "attributes": {
                            "acceleration_status": "",
                            "acl": "log-delivery-write",
                            "arn": "arn:aws:s3:::innov-log-bucket-us-west-2-prod",
                            "bucket": "innov-log-bucket-us-west-2-prod",
                            "bucket_domain_name": "innov-log-bucket-us-west-2-prod.s3.amazonaws.com",
                            "force_destroy": "true",
                            "hosted_zone_id": "Z3BJ6K6RIION7M",
                            "id": "innov-log-bucket-us-west-2-prod",
                            "logging.#": "0",
                            "region": "us-west-2",
                            "replication_configuration.#": "0",
                            "request_payer": "BucketOwner",
                            "server_side_encryption_configuration.#": "0",
                            "tags.%": "3",
                            "tags.Environment": "prod",
                            "tags.Name": "Log bucket",
                            "tags.created_by": "innovation-terraform",
                            "versioning.#": "1",
                            "versioning.0.enabled": "false",
                            "versioning.0.mfa_delete": "false",
                            "website.#": "0"
                        },
                        "meta": {},
                        "tainted": false
                    },
                    "deposed": [],
                    "provider": ""
                },
                "aws_s3_bucket_policy.b": {
                    "type": "aws_s3_bucket_policy",
                    "depends_on": [
                        "aws_s3_bucket.alb_log_bucket"
                    ],
                    "primary": {
                        "id": "di-alb-us-west-2-prod",
                        "attributes": {
                            "bucket": "di-alb-us-west-2-prod",
                            "id": "di-alb-us-west-2-prod",
                            "policy": "{\"Version\":\"2012-10-17\",\"Id\":\"MYBUCKETPOLICY\",\"Statement\":[{\"Sid\":\"AWSConsoleStmt-di-alb-us-west-2-prod\",\"Effect\":\"Allow\",\"Principal\":{\"AWS\":\"arn:aws:iam::797873946194:root\"},\"Action\":\"s3:PutObject\",\"Resource\":\"arn:aws:s3:::di-alb-us-west-2-prod/AWSLogs/687890756020/*\"}]}"
                        },
                        "meta": {},
                        "tainted": false
                    },
                    "deposed": [],
                    "provider": ""
                }
            },
            "depends_on": []
        },
        {
            "path": [
                "root",
                "scheduler_listener-rule"
            ],
            "outputs": {},
            "resources": {
                "aws_alb_listener_rule.innovation-frontend-listener-rule": {
                    "type": "aws_alb_listener_rule",
                    "depends_on": [],
                    "primary": {
                        "id": "arn:aws:elasticloadbalancing:us-west-2:687890756020:listener-rule/app/di-alb20180301061015895700000001/d8cdc0fbdb9d4b88/49c2e32296f40278/1fcc5203da925db0",
                        "attributes": {
                            "action.#": "1",
                            "action.0.target_group_arn": "arn:aws:elasticloadbalancing:us-west-2:687890756020:targetgroup/scheduler-prod/030c70f00318778c",
                            "action.0.type": "forward",
                            "arn": "arn:aws:elasticloadbalancing:us-west-2:687890756020:listener-rule/app/di-alb20180301061015895700000001/d8cdc0fbdb9d4b88/49c2e32296f40278/1fcc5203da925db0",
                            "condition.#": "1",
                            "condition.3696409327.field": "path-pattern",
                            "condition.3696409327.values.#": "1",
                            "condition.3696409327.values.0": "/tip-innovation/schedule/*",
                            "id": "arn:aws:elasticloadbalancing:us-west-2:687890756020:listener-rule/app/di-alb20180301061015895700000001/d8cdc0fbdb9d4b88/49c2e32296f40278/1fcc5203da925db0",
                            "listener_arn": "arn:aws:elasticloadbalancing:us-west-2:687890756020:listener/app/di-alb20180301061015895700000001/d8cdc0fbdb9d4b88/49c2e32296f40278",
                            "priority": "5"
                        },
                        "meta": {},
                        "tainted": false
                    },
                    "deposed": [],
                    "provider": ""
                }
            },
            "depends_on": []
        },
        {
            "path": [
                "root",
                "scheduler_listener-rule_https"
            ],
            "outputs": {},
            "resources": {
                "aws_alb_listener_rule.innovation-frontend-listener-rule": {
                    "type": "aws_alb_listener_rule",
                    "depends_on": [],
                    "primary": {
                        "id": "arn:aws:elasticloadbalancing:us-west-2:687890756020:listener-rule/app/di-alb20180301061015895700000001/d8cdc0fbdb9d4b88/3ae81d5afa1f0e9c/36e248e4a1c15625",
                        "attributes": {
                            "action.#": "1",
                            "action.0.target_group_arn": "arn:aws:elasticloadbalancing:us-west-2:687890756020:targetgroup/scheduler-prod/030c70f00318778c",
                            "action.0.type": "forward",
                            "arn": "arn:aws:elasticloadbalancing:us-west-2:687890756020:listener-rule/app/di-alb20180301061015895700000001/d8cdc0fbdb9d4b88/3ae81d5afa1f0e9c/36e248e4a1c15625",
                            "condition.#": "1",
                            "condition.3696409327.field": "path-pattern",
                            "condition.3696409327.values.#": "1",
                            "condition.3696409327.values.0": "/tip-innovation/schedule/*",
                            "id": "arn:aws:elasticloadbalancing:us-west-2:687890756020:listener-rule/app/di-alb20180301061015895700000001/d8cdc0fbdb9d4b88/3ae81d5afa1f0e9c/36e248e4a1c15625",
                            "listener_arn": "arn:aws:elasticloadbalancing:us-west-2:687890756020:listener/app/di-alb20180301061015895700000001/d8cdc0fbdb9d4b88/3ae81d5afa1f0e9c",
                            "priority": "5"
                        },
                        "meta": {},
                        "tainted": false
                    },
                    "deposed": [],
                    "provider": ""
                }
            },
            "depends_on": []
        },
        {
            "path": [
                "root",
                "scheduler_targetgroup"
            ],
            "outputs": {
                "alb_target_arn": {
                    "sensitive": false,
                    "type": "string",
                    "value": "arn:aws:elasticloadbalancing:us-west-2:687890756020:targetgroup/scheduler-prod/030c70f00318778c"
                }
            },
            "resources": {
                "aws_alb_target_group.web": {
                    "type": "aws_alb_target_group",
                    "depends_on": [],
                    "primary": {
                        "id": "arn:aws:elasticloadbalancing:us-west-2:687890756020:targetgroup/scheduler-prod/030c70f00318778c",
                        "attributes": {
                            "arn": "arn:aws:elasticloadbalancing:us-west-2:687890756020:targetgroup/scheduler-prod/030c70f00318778c",
                            "arn_suffix": "targetgroup/scheduler-prod/030c70f00318778c",
                            "deregistration_delay": "300",
                            "health_check.#": "1",
                            "health_check.0.healthy_threshold": "3",
                            "health_check.0.interval": "30",
                            "health_check.0.matcher": "200",
                            "health_check.0.path": "/tip-innovation/healthCheck.html",
                            "health_check.0.port": "traffic-port",
                            "health_check.0.protocol": "HTTP",
                            "health_check.0.timeout": "5",
                            "health_check.0.unhealthy_threshold": "2",
                            "id": "arn:aws:elasticloadbalancing:us-west-2:687890756020:targetgroup/scheduler-prod/030c70f00318778c",
                            "name": "scheduler-prod",
                            "port": "8080",
                            "protocol": "HTTP",
                            "stickiness.#": "1",
                            "stickiness.0.cookie_duration": "86400",
                            "stickiness.0.enabled": "true",
                            "stickiness.0.type": "lb_cookie",
                            "tags.%": "0",
                            "target_type": "instance",
                            "vpc_id": "vpc-c2447ca5"
                        },
                        "meta": {},
                        "tainted": false
                    },
                    "deposed": [],
                    "provider": ""
                }
            },
            "depends_on": []
        },
        {
            "path": [
                "root",
                "steam-recordset"
            ],
            "outputs": {},
            "resources": {
                "aws_route53_record.innovation_route53_record": {
                    "type": "aws_route53_record",
                    "depends_on": [],
                    "primary": {
                        "id": "Z8SG6XL97KAET_steam.prod.dev-innovation.com_A",
                        "attributes": {
                            "allow_overwrite": "true",
                            "fqdn": "steam.prod.dev-innovation.com",
                            "health_check_id": "",
                            "id": "Z8SG6XL97KAET_steam.prod.dev-innovation.com_A",
                            "name": "steam.prod.dev-innovation.com",
                            "records.#": "1",
                            "records.65595726": "10.204.33.120",
                            "set_identifier": "",
                            "ttl": "300",
                            "type": "A",
                            "zone_id": "Z8SG6XL97KAET"
                        },
                        "meta": {
                            "schema_version": "2"
                        },
                        "tainted": false
                    },
                    "deposed": [],
                    "provider": ""
                }
            },
            "depends_on": []
        },
        {
            "path": [
                "root",
                "systran-recordset"
            ],
            "outputs": {},
            "resources": {
                "aws_route53_record.innovation_route53_record": {
                    "type": "aws_route53_record",
                    "depends_on": [],
                    "primary": {
                        "id": "Z8SG6XL97KAET_systran.prod.dev-innovation.com_A",
                        "attributes": {
                            "allow_overwrite": "true",
                            "fqdn": "systran.prod.dev-innovation.com",
                            "health_check_id": "",
                            "id": "Z8SG6XL97KAET_systran.prod.dev-innovation.com_A",
                            "name": "systran.prod.dev-innovation.com",
                            "records.#": "1",
                            "records.4066445534": "10.236.111.119",
                            "set_identifier": "",
                            "ttl": "300",
                            "type": "A",
                            "zone_id": "Z8SG6XL97KAET"
                        },
                        "meta": {
                            "schema_version": "2"
                        },
                        "tainted": false
                    },
                    "deposed": [],
                    "provider": ""
                }
            },
            "depends_on": []
        },
        {
            "path": [
                "root",
                "systran-security_group_rule"
            ],
            "outputs": {},
            "resources": {
                "aws_security_group_rule.security_group_inbound.0": {
                    "type": "aws_security_group_rule",
                    "depends_on": [],
                    "primary": {
                        "id": "sgrule-2436893332",
                        "attributes": {
                            "cidr_blocks.#": "0",
                            "description": "customer_security_group",
                            "from_port": "8903",
                            "id": "sgrule-2436893332",
                            "ipv6_cidr_blocks.#": "0",
                            "prefix_list_ids.#": "0",
                            "protocol": "tcp",
                            "security_group_id": "sg-4c65f630",
                            "self": "false",
                            "source_security_group_id": "sg-27c28f58",
                            "to_port": "8903",
                            "type": "ingress"
                        },
                        "meta": {
                            "schema_version": "2"
                        },
                        "tainted": false
                    },
                    "deposed": [],
                    "provider": ""
                },
                "aws_security_group_rule.security_group_inbound.1": {
                    "type": "aws_security_group_rule",
                    "depends_on": [],
                    "primary": {
                        "id": "sgrule-4211105415",
                        "attributes": {
                            "cidr_blocks.#": "0",
                            "description": "customer_security_group",
                            "from_port": "8904",
                            "id": "sgrule-4211105415",
                            "ipv6_cidr_blocks.#": "0",
                            "prefix_list_ids.#": "0",
                            "protocol": "tcp",
                            "security_group_id": "sg-4c65f630",
                            "self": "false",
                            "source_security_group_id": "sg-27c28f58",
                            "to_port": "8904",
                            "type": "ingress"
                        },
                        "meta": {
                            "schema_version": "2"
                        },
                        "tainted": false
                    },
                    "deposed": [],
                    "provider": ""
                }
            },
            "depends_on": []
        },
        {
            "path": [
                "root",
                "t1-rds-recordset"
            ],
            "outputs": {},
            "resources": {
                "aws_route53_record.innovation_route53_record": {
                    "type": "aws_route53_record",
                    "depends_on": [],
                    "primary": {
                        "id": "Z8SG6XL97KAET_dbhost.prod.dev-innovation.com_CNAME",
                        "attributes": {
                            "allow_overwrite": "true",
                            "fqdn": "dbhost.prod.dev-innovation.com",
                            "health_check_id": "",
                            "id": "Z8SG6XL97KAET_dbhost.prod.dev-innovation.com_CNAME",
                            "name": "dbhost.prod.dev-innovation.com",
                            "records.#": "1",
                            "records.3895516630": "tier1-qa.csljrssfsvzi.us-west-2.rds.amazonaws.com",
                            "set_identifier": "",
                            "ttl": "300",
                            "type": "CNAME",
                            "zone_id": "Z8SG6XL97KAET"
                        },
                        "meta": {
                            "schema_version": "2"
                        },
                        "tainted": false
                    },
                    "deposed": [],
                    "provider": ""
                }
            },
            "depends_on": []
        },
        {
            "path": [
                "root",
                "t3jp-recordset"
            ],
            "outputs": {},
            "resources": {
                "aws_route53_record.innovation_route53_record": {
                    "type": "aws_route53_record",
                    "depends_on": [],
                    "primary": {
                        "id": "Z8SG6XL97KAET_t3jp.prod.dev-innovation.com_CNAME",
                        "attributes": {
                            "allow_overwrite": "true",
                            "fqdn": "t3jp.prod.dev-innovation.com",
                            "health_check_id": "",
                            "id": "Z8SG6XL97KAET_t3jp.prod.dev-innovation.com_CNAME",
                            "name": "t3jp.prod.dev-innovation.com",
                            "records.#": "1",
                            "records.2310778743": "t3search-snowflake.dev-innovation.com",
                            "set_identifier": "",
                            "ttl": "300",
                            "type": "CNAME",
                            "zone_id": "Z8SG6XL97KAET"
                        },
                        "meta": {
                            "schema_version": "2"
                        },
                        "tainted": false
                    },
                    "deposed": [],
                    "provider": ""
                }
            },
            "depends_on": []
        },
        {
            "path": [
                "root",
                "t3search-customer-recordset"
            ],
            "outputs": {},
            "resources": {
                "aws_route53_record.innovation_route53_record": {
                    "type": "aws_route53_record",
                    "depends_on": [],
                    "primary": {
                        "id": "Z8SG6XL97KAET_t3search.customer.prod.dev-innovation.com_CNAME",
                        "attributes": {
                            "allow_overwrite": "true",
                            "fqdn": "t3search.customer.prod.dev-innovation.com",
                            "health_check_id": "",
                            "id": "Z8SG6XL97KAET_t3search.customer.prod.dev-innovation.com_CNAME",
                            "name": "t3search.customer.prod.dev-innovation.com",
                            "records.#": "1",
                            "records.2310778743": "t3search-snowflake.dev-innovation.com",
                            "set_identifier": "",
                            "ttl": "300",
                            "type": "CNAME",
                            "zone_id": "Z8SG6XL97KAET"
                        },
                        "meta": {
                            "schema_version": "2"
                        },
                        "tainted": false
                    },
                    "deposed": [],
                    "provider": ""
                }
            },
            "depends_on": []
        },
        {
            "path": [
                "root",
                "t3search-exporter-recordset"
            ],
            "outputs": {},
            "resources": {
                "aws_route53_record.innovation_route53_record": {
                    "type": "aws_route53_record",
                    "depends_on": [],
                    "primary": {
                        "id": "Z8SG6XL97KAET_t3search.exporter.prod.dev-innovation.com_CNAME",
                        "attributes": {
                            "allow_overwrite": "true",
                            "fqdn": "t3search.exporter.prod.dev-innovation.com",
                            "health_check_id": "",
                            "id": "Z8SG6XL97KAET_t3search.exporter.prod.dev-innovation.com_CNAME",
                            "name": "t3search.exporter.prod.dev-innovation.com",
                            "records.#": "1",
                            "records.2310778743": "t3search-snowflake.dev-innovation.com",
                            "set_identifier": "",
                            "ttl": "300",
                            "type": "CNAME",
                            "zone_id": "Z8SG6XL97KAET"
                        },
                        "meta": {
                            "schema_version": "2"
                        },
                        "tainted": false
                    },
                    "deposed": [],
                    "provider": ""
                }
            },
            "depends_on": []
        },
        {
            "path": [
                "root",
                "t3search-feeder-recordset"
            ],
            "outputs": {},
            "resources": {
                "aws_route53_record.innovation_route53_record": {
                    "type": "aws_route53_record",
                    "depends_on": [],
                    "primary": {
                        "id": "Z8SG6XL97KAET_t3search.feeder.prod.dev-innovation.com_CNAME",
                        "attributes": {
                            "allow_overwrite": "true",
                            "fqdn": "t3search.feeder.prod.dev-innovation.com",
                            "health_check_id": "",
                            "id": "Z8SG6XL97KAET_t3search.feeder.prod.dev-innovation.com_CNAME",
                            "name": "t3search.feeder.prod.dev-innovation.com",
                            "records.#": "1",
                            "records.2310778743": "t3search-snowflake.dev-innovation.com",
                            "set_identifier": "",
                            "ttl": "300",
                            "type": "CNAME",
                            "zone_id": "Z8SG6XL97KAET"
                        },
                        "meta": {
                            "schema_version": "2"
                        },
                        "tainted": false
                    },
                    "deposed": [],
                    "provider": ""
                }
            },
            "depends_on": []
        },
        {
            "path": [
                "root",
                "t3search-recordset"
            ],
            "outputs": {},
            "resources": {
                "aws_route53_record.innovation_route53_record": {
                    "type": "aws_route53_record",
                    "depends_on": [],
                    "primary": {
                        "id": "Z8SG6XL97KAET_t3search.prod.dev-innovation.com_CNAME",
                        "attributes": {
                            "allow_overwrite": "true",
                            "fqdn": "t3search.prod.dev-innovation.com",
                            "health_check_id": "",
                            "id": "Z8SG6XL97KAET_t3search.prod.dev-innovation.com_CNAME",
                            "name": "t3search.prod.dev-innovation.com",
                            "records.#": "1",
                            "records.2310778743": "t3search-snowflake.dev-innovation.com",
                            "set_identifier": "",
                            "ttl": "300",
                            "type": "CNAME",
                            "zone_id": "Z8SG6XL97KAET"
                        },
                        "meta": {
                            "schema_version": "2"
                        },
                        "tainted": false
                    },
                    "deposed": [],
                    "provider": ""
                }
            },
            "depends_on": []
        },
        {
            "path": [
                "root",
                "t3search-scheduler-recordset"
            ],
            "outputs": {},
            "resources": {
                "aws_route53_record.innovation_route53_record": {
                    "type": "aws_route53_record",
                    "depends_on": [],
                    "primary": {
                        "id": "Z8SG6XL97KAET_t3search.scheduler.prod.dev-innovation.com_CNAME",
                        "attributes": {
                            "allow_overwrite": "true",
                            "fqdn": "t3search.scheduler.prod.dev-innovation.com",
                            "health_check_id": "",
                            "id": "Z8SG6XL97KAET_t3search.scheduler.prod.dev-innovation.com_CNAME",
                            "name": "t3search.scheduler.prod.dev-innovation.com",
                            "records.#": "1",
                            "records.2310778743": "t3search-snowflake.dev-innovation.com",
                            "set_identifier": "",
                            "ttl": "300",
                            "type": "CNAME",
                            "zone_id": "Z8SG6XL97KAET"
                        },
                        "meta": {
                            "schema_version": "2"
                        },
                        "tainted": false
                    },
                    "deposed": [],
                    "provider": ""
                }
            },
            "depends_on": []
        },
        {
            "path": [
                "root",
                "tcache-recordset"
            ],
            "outputs": {},
            "resources": {
                "aws_route53_record.innovation_route53_record": {
                    "type": "aws_route53_record",
                    "depends_on": [],
                    "primary": {
                        "id": "Z8SG6XL97KAET_tcache.prod.dev-innovation.com_CNAME",
                        "attributes": {
                            "allow_overwrite": "true",
                            "fqdn": "tcache.prod.dev-innovation.com",
                            "health_check_id": "",
                            "id": "Z8SG6XL97KAET_tcache.prod.dev-innovation.com_CNAME",
                            "name": "tcache.prod.dev-innovation.com",
                            "records.#": "1",
                            "records.3626291053": "customfields-customdata.csljrssfsvzi.us-west-2.rds.amazonaws.com",
                            "set_identifier": "",
                            "ttl": "300",
                            "type": "CNAME",
                            "zone_id": "Z8SG6XL97KAET"
                        },
                        "meta": {
                            "schema_version": "2"
                        },
                        "tainted": false
                    },
                    "deposed": [],
                    "provider": ""
                }
            },
            "depends_on": []
        },
        {
            "path": [
                "root",
                "themescape_emr"
            ],
            "outputs": {},
            "resources": {
                "aws_emr_cluster.emr_cluster": {
                    "type": "aws_emr_cluster",
                    "depends_on": [
                        "aws_s3_bucket.emr_log_bucket"
                    ],
                    "primary": {
                        "id": "j-3MFELBT9T9XFQ",
                        "attributes": {
                            "applications.#": "1",
                            "applications.3006569794": "Hadoop",
                            "autoscaling_role": "EMR_AutoScaling_DefaultRole",
                            "bootstrap_action.#": "1",
                            "bootstrap_action.201554545.args.#": "0",
                            "bootstrap_action.201554545.name": "bootstrap",
                            "bootstrap_action.201554545.path": "s3://themescape-emr-us-west-2-prod/bootstrap-actions/bootstrap.sh",
                            "configurations": "[\r\n{\r\n    \"Classification\": \"mapred-site\",\r\n    \"Properties\": {\r\n      \"mapreduce.job.counters.max\": \"2000\",\r\n\t  \"mapreduce.map.output.compress\": \"true\",\r\n      \"mapreduce.output.fileoutputformat.compress.type\": \"BLOCK\",\r\n      \"mapreduce.shuffle.max.connections\": \"80\",\r\n\t  \"mapreduce.user.classpath.first\": \"true\"\r\n    }\r\n  },\r\n  {\r\n    \"Classification\": \"yarn-site\",\r\n    \"Properties\": {\r\n\t\"yarn.nodemanager.vmem-check-enabled\":\"false\",\r\n      \"yarn.nodemanager.pmem-check-enabled\": \"false\",\r\n\t  \"yarn.scheduler.fair.preemption\": \"true\",\r\n\t\"yarn.scheduler.capacity.node-locality-delay\":\"0\"\r\n    }\r\n  },\r\n  {\r\n    \"Classification\": \"hdfs-site\",\r\n    \"Properties\": {\r\n\t\"dfs.replication\":\"1\",\r\n\t\"dfs.namenode.datanode.registration.ip-hostname-check\":\"false\"\r\n    }\r\n  }\r\n\r\n ]\r\n",
                            "ebs_root_volume_size": "20",
                            "ec2_attributes.#": "1",
                            "ec2_attributes.0.additional_master_security_groups": "",
                            "ec2_attributes.0.additional_slave_security_groups": "",
                            "ec2_attributes.0.emr_managed_master_security_group": "sg-bcb473c2",
                            "ec2_attributes.0.emr_managed_slave_security_group": "sg-abb176d5",
                            "ec2_attributes.0.instance_profile": "EMR_EC2_DefaultRole",
                            "ec2_attributes.0.key_name": "MyDev-Yuvaraj",
                            "ec2_attributes.0.service_access_security_group": "sg-f7b37489",
                            "ec2_attributes.0.subnet_id": "subnet-4c325d05",
                            "id": "j-3MFELBT9T9XFQ",
                            "instance_group.#": "1",
                            "instance_group.2243097358.autoscaling_policy": "",
                            "instance_group.2243097358.bid_price": "",
                            "instance_group.2243097358.ebs_config.#": "0",
                            "instance_group.2243097358.instance_count": "1",
                            "instance_group.2243097358.instance_role": "MASTER",
                            "instance_group.2243097358.instance_type": "r3.xlarge",
                            "instance_group.2243097358.name": "",
                            "log_uri": "s3n://themescape-emr-us-west-2-prod",
                            "name": "emr-Themescape-prod",
                            "release_label": "emr-5.8.0",
                            "service_role": "EMR_DefaultRole",
                            "tags.%": "2",
                            "tags.created_by": "innovation Terraform",
                            "tags.name": "emr-Themescape-prod",
                            "visible_to_all_users": "true"
                        },
                        "meta": {},
                        "tainted": false
                    },
                    "deposed": [],
                    "provider": ""
                },
                "aws_s3_bucket.emr_log_bucket": {
                    "type": "aws_s3_bucket",
                    "depends_on": [],
                    "primary": {
                        "id": "themescape-emr-us-west-2-prod",
                        "attributes": {
                            "acceleration_status": "",
                            "acl": "public-read-write",
                            "arn": "arn:aws:s3:::themescape-emr-us-west-2-prod",
                            "bucket": "themescape-emr-us-west-2-prod",
                            "bucket_domain_name": "themescape-emr-us-west-2-prod.s3.amazonaws.com",
                            "force_destroy": "true",
                            "hosted_zone_id": "Z3BJ6K6RIION7M",
                            "id": "themescape-emr-us-west-2-prod",
                            "logging.#": "0",
                            "region": "us-west-2",
                            "replication_configuration.#": "0",
                            "request_payer": "BucketOwner",
                            "server_side_encryption_configuration.#": "0",
                            "tags.%": "3",
                            "tags.Environment": "prod",
                            "tags.Name": "emr Log bucket",
                            "tags.created_by": "innovation-terraform",
                            "versioning.#": "1",
                            "versioning.0.enabled": "false",
                            "versioning.0.mfa_delete": "false",
                            "website.#": "0"
                        },
                        "meta": {},
                        "tainted": false
                    },
                    "deposed": [],
                    "provider": ""
                },
                "aws_s3_bucket_policy.emr_log_bucket_ploicy": {
                    "type": "aws_s3_bucket_policy",
                    "depends_on": [
                        "aws_s3_bucket.emr_log_bucket"
                    ],
                    "primary": {
                        "id": "themescape-emr-us-west-2-prod",
                        "attributes": {
                            "bucket": "themescape-emr-us-west-2-prod",
                            "id": "themescape-emr-us-west-2-prod",
                            "policy": "{\"Version\":\"2012-10-17\",\"Id\":\"MYBUCKETPOLICY\",\"Statement\":[{\"Sid\":\"AWSConsoleStmt-themescape-emr-us-west-2-prod\",\"Effect\":\"Allow\",\"Principal\":{\"AWS\":\"arn:aws:iam::797873946194:root\"},\"Action\":\"s3:*\",\"Resource\":\"arn:aws:s3:::themescape-emr-us-west-2-prod/AWSLogs/687890756020/*\"}]}"
                        },
                        "meta": {},
                        "tainted": false
                    },
                    "deposed": [],
                    "provider": ""
                }
            },
            "depends_on": []
        },
        {
            "path": [
                "root",
                "themescapemaster-recordset"
            ],
            "outputs": {},
            "resources": {
                "aws_route53_record.innovation_route53_record": {
                    "type": "aws_route53_record",
                    "depends_on": [],
                    "primary": {
                        "id": "Z8SG6XL97KAET_themescapemaster.prod.dev-innovation.com_A",
                        "attributes": {
                            "allow_overwrite": "true",
                            "fqdn": "themescapemaster.prod.dev-innovation.com",
                            "health_check_id": "",
                            "id": "Z8SG6XL97KAET_themescapemaster.prod.dev-innovation.com_A",
                            "name": "themescapemaster.prod.dev-innovation.com",
                            "records.#": "1",
                            "records.3916856667": "10.236.107.192",
                            "set_identifier": "",
                            "ttl": "300",
                            "type": "A",
                            "zone_id": "Z8SG6XL97KAET"
                        },
                        "meta": {
                            "schema_version": "2"
                        },
                        "tainted": false
                    },
                    "deposed": [],
                    "provider": ""
                }
            },
            "depends_on": []
        },
        {
            "path": [
                "root",
                "wok-recordset"
            ],
            "outputs": {},
            "resources": {
                "aws_route53_record.innovation_route53_record": {
                    "type": "aws_route53_record",
                    "depends_on": [],
                    "primary": {
                        "id": "Z8SG6XL97KAET_wok.prod.dev-innovation.com_CNAME",
                        "attributes": {
                            "allow_overwrite": "true",
                            "fqdn": "wok.prod.dev-innovation.com",
                            "health_check_id": "",
                            "id": "Z8SG6XL97KAET_wok.prod.dev-innovation.com_CNAME",
                            "name": "wok.prod.dev-innovation.com",
                            "records.#": "1",
                            "records.3855652629": "mws-internal.wos-non-prod.oneplatform.build",
                            "set_identifier": "",
                            "ttl": "300",
                            "type": "CNAME",
                            "zone_id": "Z8SG6XL97KAET"
                        },
                        "meta": {
                            "schema_version": "2"
                        },
                        "tainted": false
                    },
                    "deposed": [],
                    "provider": ""
                }
            },
            "depends_on": []
        }
    ]
}
